{
  "version": 4,
  "terraform_version": "1.6.5",
  "serial": 56,
  "lineage": "ceab6714-5999-58ae-88cc-8b59db73e815",
  "outputs": {
    "cluster_endpoint": {
      "value": "https://A8D69275020ABB16DA19A650FBF6F308.gr7.eu-west-2.eks.amazonaws.com",
      "type": "string"
    },
    "cluster_name": {
      "value": "ce-cluster",
      "type": "string"
    },
    "cluster_security_group_id": {
      "value": "sg-0272ac6bd126642de",
      "type": "string"
    },
    "region": {
      "value": "eu-west-2",
      "type": "string"
    }
  },
  "resources": [
    {
      "module": "module.eks_cluster.module.eks",
      "mode": "data",
      "type": "aws_caller_identity",
      "name": "current",
      "provider": "provider[\"registry.terraform.io/hashicorp/aws\"]",
      "instances": [
        {
          "schema_version": 0,
          "attributes": {
            "account_id": "261455938840",
            "arn": "arn:aws:sts::261455938840:assumed-role/AWSReservedSSO_AWSAdministratorAccess_942537642d412ee7/anamaria.morogan.ce-202311@northcoders.net",
            "id": "261455938840",
            "user_id": "AROATZX75AUMNKPN3D3Z7:anamaria.morogan.ce-202311@northcoders.net"
          },
          "sensitive_attributes": []
        }
      ]
    },
    {
      "module": "module.eks_cluster.module.eks",
      "mode": "data",
      "type": "aws_iam_policy_document",
      "name": "assume_role_policy",
      "provider": "provider[\"registry.terraform.io/hashicorp/aws\"]",
      "instances": [
        {
          "index_key": 0,
          "schema_version": 0,
          "attributes": {
            "id": "2764486067",
            "json": "{\n  \"Version\": \"2012-10-17\",\n  \"Statement\": [\n    {\n      \"Sid\": \"EKSClusterAssumeRole\",\n      \"Effect\": \"Allow\",\n      \"Action\": \"sts:AssumeRole\",\n      \"Principal\": {\n        \"Service\": \"eks.amazonaws.com\"\n      }\n    }\n  ]\n}",
            "override_policy_documents": null,
            "policy_id": null,
            "source_policy_documents": null,
            "statement": [
              {
                "actions": [
                  "sts:AssumeRole"
                ],
                "condition": [],
                "effect": "Allow",
                "not_actions": [],
                "not_principals": [],
                "not_resources": [],
                "principals": [
                  {
                    "identifiers": [
                      "eks.amazonaws.com"
                    ],
                    "type": "Service"
                  }
                ],
                "resources": [],
                "sid": "EKSClusterAssumeRole"
              }
            ],
            "version": "2012-10-17"
          },
          "sensitive_attributes": []
        }
      ]
    },
    {
      "module": "module.eks_cluster.module.eks",
      "mode": "data",
      "type": "aws_iam_session_context",
      "name": "current",
      "provider": "provider[\"registry.terraform.io/hashicorp/aws\"]",
      "instances": [
        {
          "schema_version": 0,
          "attributes": {
            "arn": "arn:aws:sts::261455938840:assumed-role/AWSReservedSSO_AWSAdministratorAccess_942537642d412ee7/anamaria.morogan.ce-202311@northcoders.net",
            "id": "arn:aws:sts::261455938840:assumed-role/AWSReservedSSO_AWSAdministratorAccess_942537642d412ee7/anamaria.morogan.ce-202311@northcoders.net",
            "issuer_arn": "arn:aws:iam::261455938840:role/aws-reserved/sso.amazonaws.com/eu-west-2/AWSReservedSSO_AWSAdministratorAccess_942537642d412ee7",
            "issuer_id": "AROATZX75AUMNKPN3D3Z7",
            "issuer_name": "AWSReservedSSO_AWSAdministratorAccess_942537642d412ee7",
            "session_name": "anamaria.morogan.ce-202311@northcoders.net"
          },
          "sensitive_attributes": []
        }
      ]
    },
    {
      "module": "module.eks_cluster.module.eks",
      "mode": "data",
      "type": "aws_partition",
      "name": "current",
      "provider": "provider[\"registry.terraform.io/hashicorp/aws\"]",
      "instances": [
        {
          "schema_version": 0,
          "attributes": {
            "dns_suffix": "amazonaws.com",
            "id": "aws",
            "partition": "aws",
            "reverse_dns_prefix": "com.amazonaws"
          },
          "sensitive_attributes": []
        }
      ]
    },
    {
      "module": "module.eks_cluster.module.eks",
      "mode": "data",
      "type": "tls_certificate",
      "name": "this",
      "provider": "provider[\"registry.terraform.io/hashicorp/tls\"]",
      "instances": [
        {
          "index_key": 0,
          "schema_version": 0,
          "attributes": {
            "certificates": [
              {
                "cert_pem": "-----BEGIN CERTIFICATE-----\nMIIEdTCCA12gAwIBAgIJAKcOSkw0grd/MA0GCSqGSIb3DQEBCwUAMGgxCzAJBgNV\nBAYTAlVTMSUwIwYDVQQKExxTdGFyZmllbGQgVGVjaG5vbG9naWVzLCBJbmMuMTIw\nMAYDVQQLEylTdGFyZmllbGQgQ2xhc3MgMiBDZXJ0aWZpY2F0aW9uIEF1dGhvcml0\neTAeFw0wOTA5MDIwMDAwMDBaFw0zNDA2MjgxNzM5MTZaMIGYMQswCQYDVQQGEwJV\nUzEQMA4GA1UECBMHQXJpem9uYTETMBEGA1UEBxMKU2NvdHRzZGFsZTElMCMGA1UE\nChMcU3RhcmZpZWxkIFRlY2hub2xvZ2llcywgSW5jLjE7MDkGA1UEAxMyU3RhcmZp\nZWxkIFNlcnZpY2VzIFJvb3QgQ2VydGlmaWNhdGUgQXV0aG9yaXR5IC0gRzIwggEi\nMA0GCSqGSIb3DQEBAQUAA4IBDwAwggEKAoIBAQDVDDrEKvlO4vW+GZdfjohTsR8/\ny8+fIBNtKTrID30892t2OGPZNmCom15cAICyL1l/9of5JUOG52kbUpqQ4XHj2C0N\nTm/2yEnZtvMaVq4rtnQU68/7JuMauh2WLmo7WJSJR1b/JaCTcFOD2oR0FMNnngRo\nOt+OQFodSk7PQ5E751bWAHDLUu57fa4657wx+UX2wmDPE1kCK4DMNEffud6QZW0C\nzyyRpqbn3oUYSXxmTqM6bam17jQuug0DuDPfR+uxa40l2ZvOgdFFRjKWcIfeAg5J\nQ4W2bHO7ZOphQazJ1FTfhy/HIrImzJ9ZVGif/L4qL8RVHHVAYBeFAlU5i38FAgMB\nAAGjgfAwge0wDwYDVR0TAQH/BAUwAwEB/zAOBgNVHQ8BAf8EBAMCAYYwHQYDVR0O\nBBYEFJxfAN+qAdcwKziIorhtSpzyEZGDMB8GA1UdIwQYMBaAFL9ft9HO3R+G9FtV\nrNzXEMIOqYjnME8GCCsGAQUFBwEBBEMwQTAcBggrBgEFBQcwAYYQaHR0cDovL28u\nc3MyLnVzLzAhBggrBgEFBQcwAoYVaHR0cDovL3guc3MyLnVzL3guY2VyMCYGA1Ud\nHwQfMB0wG6AZoBeGFWh0dHA6Ly9zLnNzMi51cy9yLmNybDARBgNVHSAECjAIMAYG\nBFUdIAAwDQYJKoZIhvcNAQELBQADggEBACMd44pXyn3pF3lM8R5V/cxTbj5HD9/G\nVfKyBDbtgB9TxF00KGu+x1X8Z+rLP3+QsjPNG1gQggL4+C/1E2DUBc7xgQjB3ad1\nl08YuW3e95ORCLp+QCztweq7dp4zBncdDQh/U90bZKuCJ/Fp1U1ervShw3WnWEQt\n8jxwmKy6abaVd38PMV4s/KCHOkdp8Hlf9BRUpJVeEXgSYCfOn8J3/yNTd126/+pZ\n59vPr5KW7ySaNRB6nJHGDn2Z9j8Z3/VyVOEVqQdZe4O/Ui5GjLIAZHYcSNPYeehu\nVsyuLAOQ1xk4meTKCRlb/weWsKh/NEnfVqn3sF/tM+2MR7cwA130A4w=\n-----END CERTIFICATE-----\n",
                "is_ca": true,
                "issuer": "OU=Starfield Class 2 Certification Authority,O=Starfield Technologies\\, Inc.,C=US",
                "not_after": "2034-06-28T17:39:16Z",
                "not_before": "2009-09-02T00:00:00Z",
                "public_key_algorithm": "RSA",
                "serial_number": "12037640545166866303",
                "sha1_fingerprint": "9e99a48a9960b14926bb7f3b02e22da2b0ab7280",
                "signature_algorithm": "SHA256-RSA",
                "subject": "CN=Starfield Services Root Certificate Authority - G2,O=Starfield Technologies\\, Inc.,L=Scottsdale,ST=Arizona,C=US",
                "version": 3
              },
              {
                "cert_pem": "-----BEGIN CERTIFICATE-----\nMIIEkjCCA3qgAwIBAgITBn+USionzfP6wq4rAfkI7rnExjANBgkqhkiG9w0BAQsF\nADCBmDELMAkGA1UEBhMCVVMxEDAOBgNVBAgTB0FyaXpvbmExEzARBgNVBAcTClNj\nb3R0c2RhbGUxJTAjBgNVBAoTHFN0YXJmaWVsZCBUZWNobm9sb2dpZXMsIEluYy4x\nOzA5BgNVBAMTMlN0YXJmaWVsZCBTZXJ2aWNlcyBSb290IENlcnRpZmljYXRlIEF1\ndGhvcml0eSAtIEcyMB4XDTE1MDUyNTEyMDAwMFoXDTM3MTIzMTAxMDAwMFowOTEL\nMAkGA1UEBhMCVVMxDzANBgNVBAoTBkFtYXpvbjEZMBcGA1UEAxMQQW1hem9uIFJv\nb3QgQ0EgMTCCASIwDQYJKoZIhvcNAQEBBQADggEPADCCAQoCggEBALJ4gHHKeNXj\nca9HgFB0fW7Y14h29Jlo91ghYPl0hAEvrAIthtOgQ3pOsqTQNroBvo3bSMgHFzZM\n9O6II8c+6zf1tRn4SWiw3te5djgdYZ6k/oI2peVKVuRF4fn9tBb6dNqcmzU5L/qw\nIFAGbHrQgLKm+a/sRxmPUDgH3KKHOVj4utWp+UhnMJbulHheb4mjUcAwhmahRWa6\nVOujw5H5SNz/0egwLX0tdHA114gk957EWW67c4cX8jJGKLhD+rcdqsq08p8kDi1L\n93FcXmn/6pUCyziKrlA4b9v7LWIbxcceVOF34GfID5yHI9Y/QCB/IIDEgEw+OyQm\njgSubJrIqg0CAwEAAaOCATEwggEtMA8GA1UdEwEB/wQFMAMBAf8wDgYDVR0PAQH/\nBAQDAgGGMB0GA1UdDgQWBBSEGMyFNOy8DJSULghZnMeyEE4KCDAfBgNVHSMEGDAW\ngBScXwDfqgHXMCs4iKK4bUqc8hGRgzB4BggrBgEFBQcBAQRsMGowLgYIKwYBBQUH\nMAGGImh0dHA6Ly9vY3NwLnJvb3RnMi5hbWF6b250cnVzdC5jb20wOAYIKwYBBQUH\nMAKGLGh0dHA6Ly9jcnQucm9vdGcyLmFtYXpvbnRydXN0LmNvbS9yb290ZzIuY2Vy\nMD0GA1UdHwQ2MDQwMqAwoC6GLGh0dHA6Ly9jcmwucm9vdGcyLmFtYXpvbnRydXN0\nLmNvbS9yb290ZzIuY3JsMBEGA1UdIAQKMAgwBgYEVR0gADANBgkqhkiG9w0BAQsF\nAAOCAQEAYjdCXLwQtT6LLOkMm2xF4gcAevnFWAu5CIw+7bMlPLVvUOTNNWqnkzSW\nMiGpSESrnO09tKpzbeR/FoCJbM8oAxiDR3mjEH4wW6w7sGDgd9QIpuEdfF7Au/ma\neyKdpwAJfqxGF4PcnCZXmTA5YpaP7dreqsXMGz7KQ2hsVxa81Q4gLv7/wmpdLqBK\nbRRYh5TmOTFffHPLkIhqhBGWJ6bt2YFGpn6jcgAKUj6DiAdjd4lpFw85hdKrCEVN\n0FE6/V1dN2RMfjCyVSRCnTawXZwXgWHxyvkQAiSr6w10kY17RSlQOYiypok1JR4U\nakcjMS9cmvqtmg5iUaQqqcT5NJ0hGA==\n-----END CERTIFICATE-----\n",
                "is_ca": true,
                "issuer": "CN=Starfield Services Root Certificate Authority - G2,O=Starfield Technologies\\, Inc.,L=Scottsdale,ST=Arizona,C=US",
                "not_after": "2037-12-31T01:00:00Z",
                "not_before": "2015-05-25T12:00:00Z",
                "public_key_algorithm": "RSA",
                "serial_number": "144918191876577076464031512351042010504348870",
                "sha1_fingerprint": "06b25927c42a721631c1efd9431e648fa62e1e39",
                "signature_algorithm": "SHA256-RSA",
                "subject": "CN=Amazon Root CA 1,O=Amazon,C=US",
                "version": 3
              },
              {
                "cert_pem": "-----BEGIN CERTIFICATE-----\nMIIEXjCCA0agAwIBAgITB3MSSkvL1E7HtTvq8ZSELToPoTANBgkqhkiG9w0BAQsF\nADA5MQswCQYDVQQGEwJVUzEPMA0GA1UEChMGQW1hem9uMRkwFwYDVQQDExBBbWF6\nb24gUm9vdCBDQSAxMB4XDTIyMDgyMzIyMjUzMFoXDTMwMDgyMzIyMjUzMFowPDEL\nMAkGA1UEBhMCVVMxDzANBgNVBAoTBkFtYXpvbjEcMBoGA1UEAxMTQW1hem9uIFJT\nQSAyMDQ4IE0wMjCCASIwDQYJKoZIhvcNAQEBBQADggEPADCCAQoCggEBALtDGMZa\nqHneKei1by6+pUPPLljTB143Si6VpEWPc6mSkFhZb/6qrkZyoHlQLbDYnI2D7hD0\nsdzEqfnuAjIsuXQLG3A8TvX6V3oFNBFVe8NlLJHvBseKY88saLwufxkZVwk74g4n\nWlNMXzla9Y5F3wwRHwMVH443xGz6UtGSZSqQ94eFx5X7Tlqt8whi8qCaKdZ5rNak\n+r9nUThOeClqFd4oXych//Rc7Y0eX1KNWHYSI1Nk31mYgiK3JvH063g+K9tHA63Z\neTgKgndlh+WI+zv7i44HepRZjA1FYwYZ9Vv/9UkC5Yz8/yU65fgjaE+wVHM4e/Yy\nC2osrPWE7gJ+dXMCAwEAAaOCAVowggFWMBIGA1UdEwEB/wQIMAYBAf8CAQAwDgYD\nVR0PAQH/BAQDAgGGMB0GA1UdJQQWMBQGCCsGAQUFBwMBBggrBgEFBQcDAjAdBgNV\nHQ4EFgQUwDFSzVpQw4J8dHHOy+mc+XrrguIwHwYDVR0jBBgwFoAUhBjMhTTsvAyU\nlC4IWZzHshBOCggwewYIKwYBBQUHAQEEbzBtMC8GCCsGAQUFBzABhiNodHRwOi8v\nb2NzcC5yb290Y2ExLmFtYXpvbnRydXN0LmNvbTA6BggrBgEFBQcwAoYuaHR0cDov\nL2NydC5yb290Y2ExLmFtYXpvbnRydXN0LmNvbS9yb290Y2ExLmNlcjA/BgNVHR8E\nODA2MDSgMqAwhi5odHRwOi8vY3JsLnJvb3RjYTEuYW1hem9udHJ1c3QuY29tL3Jv\nb3RjYTEuY3JsMBMGA1UdIAQMMAowCAYGZ4EMAQIBMA0GCSqGSIb3DQEBCwUAA4IB\nAQAtTi6Fs0Azfi+iwm7jrz+CSxHH+uHl7Law3MQSXVtR8RV53PtR6r/6gNpqlzdo\nZq4FKbADi1v9Bun8RY8D51uedRfjsbeodizeBB8nXmeyD33Ep7VATj4ozcd31YFV\nfgRhvTSxNrrTlNpWkUk0m3BMPv8sg381HhA6uEYokE5q9uws/3YkKqRiEz3TsaWm\nJqIRZhMbgAfp7O7FUwFIb7UIspogZSKxPIWJpxiPo3TcBambbVtQOcNRWz5qCQdD\nslI2yayq0n2TXoHyNCLEH8rpsJRVILFsg0jc7BaFrMnF462+ajSehgj12IidNeRN\n4zl+EoNaWdpnWndvSpAEkq2P\n-----END CERTIFICATE-----\n",
                "is_ca": true,
                "issuer": "CN=Amazon Root CA 1,O=Amazon,C=US",
                "not_after": "2030-08-23T22:25:30Z",
                "not_before": "2022-08-23T22:25:30Z",
                "public_key_algorithm": "RSA",
                "serial_number": "166129353110899469622597955040406457904926625",
                "sha1_fingerprint": "414a2060b738c635cc7fc243e052615592830c53",
                "signature_algorithm": "SHA256-RSA",
                "subject": "CN=Amazon RSA 2048 M02,O=Amazon,C=US",
                "version": 3
              },
              {
                "cert_pem": "-----BEGIN CERTIFICATE-----\nMIIF6zCCBNOgAwIBAgIQCit9meIxTqjl8tIhUWovEjANBgkqhkiG9w0BAQsFADA8\nMQswCQYDVQQGEwJVUzEPMA0GA1UEChMGQW1hem9uMRwwGgYDVQQDExNBbWF6b24g\nUlNBIDIwNDggTTAyMB4XDTIzMDQxNTAwMDAwMFoXDTI0MDUxMzIzNTk1OVowKzEp\nMCcGA1UEAxMgb2lkYy5la3MuZXUtd2VzdC0yLmFtYXpvbmF3cy5jb20wggEiMA0G\nCSqGSIb3DQEBAQUAA4IBDwAwggEKAoIBAQC5ppVjxpNRSIMti9IjV9gmthwj680v\nOWLuZZ8VLHTPNMlE+GEm76a6fi5i10rGc6fwFQBr/axJVIyLhK8S91EMw+dZ254L\npww1B2U008rr8ezqmytkStDDWVepyx3pO9Ij24rNSZsfxZd4BznbbVd35NDFdI86\ndu+OEyOUgEdtiqIskhVzG/KJBlqkcivltWNU2zVMfkvT4yJ0jjz+PJ+Ar/UybB2h\n5P6P6yBT3OtsgOdPnRTvntK6euDU95/QM1wt88sUrnLg1w/uRgLB/RqlU4QG3PM5\n6ju/9CDqplkbGIvqyTm4kMmnGykNZRFyWG9fdviUaEVIZCd8oFutGgzlAgMBAAGj\nggL4MIIC9DAfBgNVHSMEGDAWgBTAMVLNWlDDgnx0cc7L6Zz5euuC4jAdBgNVHQ4E\nFgQU6yRlosGxTekbKFEsfOG69UoNQDIwKwYDVR0RBCQwIoIgb2lkYy5la3MuZXUt\nd2VzdC0yLmFtYXpvbmF3cy5jb20wDgYDVR0PAQH/BAQDAgWgMB0GA1UdJQQWMBQG\nCCsGAQUFBwMBBggrBgEFBQcDAjA7BgNVHR8ENDAyMDCgLqAshipodHRwOi8vY3Js\nLnIybTAyLmFtYXpvbnRydXN0LmNvbS9yMm0wMi5jcmwwEwYDVR0gBAwwCjAIBgZn\ngQwBAgEwdQYIKwYBBQUHAQEEaTBnMC0GCCsGAQUFBzABhiFodHRwOi8vb2NzcC5y\nMm0wMi5hbWF6b250cnVzdC5jb20wNgYIKwYBBQUHMAKGKmh0dHA6Ly9jcnQucjJt\nMDIuYW1hem9udHJ1c3QuY29tL3IybTAyLmNlcjAMBgNVHRMBAf8EAjAAMIIBfQYK\nKwYBBAHWeQIEAgSCAW0EggFpAWcAdgDuzdBk1dsazsVct520zROiModGfLzs3sNR\nSFlGcR+1mwAAAYeCR9E7AAAEAwBHMEUCIQCt47S1LLgmffd49zesG2lAmjN4LhIa\nyHgyFIQjetaH7gIgeigAYdtN10ZJglMwUzwYC4dKspypJFco31hOwvAujQgAdgBz\n2Z6JG0yWeKAgfUed5rLGHNBRXnEZKoxrgBB6wXdytQAAAYeCR9GkAAAEAwBHMEUC\nIAlgVWBADjqZSB+ZmYbkYm39oF1hk814fV6dITecM82cAiEA8bYtTv2DsazPYmsV\nTjuBqDCi7YoXQy1LIbNsayg0euUAdQBIsONr2qZHNA/lagL6nTDrHFIBy1bdLIHZ\nu7+rOdiEcwAAAYeCR9F0AAAEAwBGMEQCIBkCNwD4wKhY7D6XA3wlbKQxWDv9HQVb\nwpgmyY4lVhWTAiBCuzlis9WC5QPVx7T9ep76fjGB9i6R+ToYZPPPKEUITTANBgkq\nhkiG9w0BAQsFAAOCAQEAWVjIBGJk/R2dQ5PY1u6jGTSasmQeVhrcObOP/94c9ckS\nW6cnOhr9f2JVabP5dJ89xRVzDJWxXqLqWpED+2gFJqxzxBja6C31QlhiKtDj1BfJ\nMu82R7JxJ0XKaB9SfiYJNzjMZG/j1jDEpxq1H4uoHj/mAHTUB0eWa4Bvjevzp79r\niqSylySECQmIuw9HxhDMifBJrKDjTYsrpjrQn+NPdcAqT2xc6KZvABtRAI2/r5vZ\n4oGhs6cHHMElOH+f4jRYxe+475whx2EbBAK2JLAwl5XDRWgHXwbtpB0Xy6BvojKf\nG+MRoCTVIC8fJO0kZ/3sFhjDcs/Ns1qL8K558ZMvPQ==\n-----END CERTIFICATE-----\n",
                "is_ca": false,
                "issuer": "CN=Amazon RSA 2048 M02,O=Amazon,C=US",
                "not_after": "2024-05-13T23:59:59Z",
                "not_before": "2023-04-15T00:00:00Z",
                "public_key_algorithm": "RSA",
                "serial_number": "13518096215878698503304834760078667538",
                "sha1_fingerprint": "489ae8d9c7c05e9b0704768193172d67551be3b8",
                "signature_algorithm": "SHA256-RSA",
                "subject": "CN=oidc.eks.eu-west-2.amazonaws.com",
                "version": 3
              }
            ],
            "content": null,
            "id": "17bd96401642e610ba843d6cef08c95bfb79f46c",
            "url": "https://oidc.eks.eu-west-2.amazonaws.com/id/A8D69275020ABB16DA19A650FBF6F308",
            "verify_chain": true
          },
          "sensitive_attributes": []
        }
      ]
    },
    {
      "module": "module.eks_cluster.module.eks",
      "mode": "managed",
      "type": "aws_cloudwatch_log_group",
      "name": "this",
      "provider": "provider[\"registry.terraform.io/hashicorp/aws\"]",
      "instances": [
        {
          "index_key": 0,
          "schema_version": 0,
          "attributes": {
            "arn": "arn:aws:logs:eu-west-2:261455938840:log-group:/aws/eks/ce-cluster/cluster",
            "id": "/aws/eks/ce-cluster/cluster",
            "kms_key_id": "",
            "name": "/aws/eks/ce-cluster/cluster",
            "name_prefix": "",
            "retention_in_days": 90,
            "skip_destroy": false,
            "tags": {
              "Name": "/aws/eks/ce-cluster/cluster"
            },
            "tags_all": {
              "Name": "/aws/eks/ce-cluster/cluster"
            }
          },
          "sensitive_attributes": [],
          "private": "bnVsbA==",
          "create_before_destroy": true
        }
      ]
    },
    {
      "module": "module.eks_cluster.module.eks",
      "mode": "managed",
      "type": "aws_eks_cluster",
      "name": "this",
      "provider": "provider[\"registry.terraform.io/hashicorp/aws\"]",
      "instances": [
        {
          "index_key": 0,
          "schema_version": 0,
          "attributes": {
            "arn": "arn:aws:eks:eu-west-2:261455938840:cluster/ce-cluster",
            "certificate_authority": [
              {
                "data": "LS0tLS1CRUdJTiBDRVJUSUZJQ0FURS0tLS0tCk1JSURCVENDQWUyZ0F3SUJBZ0lJVFlKR1lxMnIvRGN3RFFZSktvWklodmNOQVFFTEJRQXdGVEVUTUJFR0ExVUUKQXhNS2EzVmlaWEp1WlhSbGN6QWVGdzB5TXpFeU1UVXhNRFEzTlRkYUZ3MHpNekV5TVRJeE1EVXlOVGRhTUJVeApFekFSQmdOVkJBTVRDbXQxWW1WeWJtVjBaWE13Z2dFaU1BMEdDU3FHU0liM0RRRUJBUVVBQTRJQkR3QXdnZ0VLCkFvSUJBUURXeXJyUUlzY1F6cnhjRlRFdGJjTXppQWJKUThja01LS2xZZ20wcHRtZXVVZVczc0RZNHJHNVBldGcKajFScDIwc3dROVgzL05VNmVDSG9Sb054SW9TZCtYUHlCL01EVWVvKzZBREk1Smxaa1ZsRlVLZXdQbU93U1EvOQpieURFYnZSOTY5MXpTM3g4WXZPdXdkMkIrYVh6dlg1RndjUi9nWjlpWXQvK2FlNlRVRlV3N25oeHU4ckNkWnNyCklpNUlJYlBRTmVFcUZIRFEySFNZQ2VkOFllSThoVHJaVEE5ZjRUNHVmQlRjUVdrV1B1cUlUY0QvTWhkbmNLemkKNTdNbW82MzlFbHRpSng2VUk2bGlGQ1A3cFpUMnJvOHAvRTF3U0pnaTV6d28vaHJ5RHgxdVVKOUhVSi9uK0Y4dwpncUhLdjZyNzV6UGpPcXZabTBKSGo0RDhnbmlyQWdNQkFBR2pXVEJYTUE0R0ExVWREd0VCL3dRRUF3SUNwREFQCkJnTlZIUk1CQWY4RUJUQURBUUgvTUIwR0ExVWREZ1FXQkJRWFVlWnVEeFpEYWdlMGRKWmJOdzRRaEJjN1pqQVYKQmdOVkhSRUVEakFNZ2dwcmRXSmxjbTVsZEdWek1BMEdDU3FHU0liM0RRRUJDd1VBQTRJQkFRQjhneVlWRlYwTgpwRmFZQmxHVWFuWEErNXpkNzJYaTBpMiswcklIS1VpTGR0Ry9iU0YxV1BGbzIwY3gwKzZXNGlqM3pTdkN5T2lPCjFqK05RcXFGZkpkdFkwdzc3OWIzdEVtS09MNGcyd09BTUNxNnJSaXJsWTU2S2lNaFM2Zks5TFlsUG1rZzhna3gKRjJFcHp4Snh1eGxCKzFvaWx6dXBGOTdYeGhMang2dUp3MmRaMTFtM0ZJOXpmVWdaaFdCVWpiNDhxMmtLajFndwpVa1JBZHBBdi9HeVRXWElVRlRPeGFmeWNycGc4bkFCODBMN0xOdnl2Ymk4Y2crTlpkQjJCZ0hPcXJCRVl2a2hTCkg1UEV3MU1NZEtjb212NS9TKzRsVytwNVdhN1o4cjc0ZmJWYWFaVUx3SGFzaCtzQ2RRTDVkWmVRdkVHMjRuTVgKNVRqd2pHVjZPYTB3Ci0tLS0tRU5EIENFUlRJRklDQVRFLS0tLS0K"
              }
            ],
            "cluster_id": null,
            "created_at": "2023-12-15 10:48:22.885 +0000 UTC",
            "enabled_cluster_log_types": [
              "api",
              "audit",
              "authenticator"
            ],
            "encryption_config": [
              {
                "provider": [
                  {
                    "key_arn": "arn:aws:kms:eu-west-2:261455938840:key/e1fa6c03-1ec5-4e06-bbee-addb593c9bbe"
                  }
                ],
                "resources": [
                  "secrets"
                ]
              }
            ],
            "endpoint": "https://A8D69275020ABB16DA19A650FBF6F308.gr7.eu-west-2.eks.amazonaws.com",
            "id": "ce-cluster",
            "identity": [
              {
                "oidc": [
                  {
                    "issuer": "https://oidc.eks.eu-west-2.amazonaws.com/id/A8D69275020ABB16DA19A650FBF6F308"
                  }
                ]
              }
            ],
            "kubernetes_network_config": [
              {
                "ip_family": "ipv4",
                "service_ipv4_cidr": "172.20.0.0/16",
                "service_ipv6_cidr": ""
              }
            ],
            "name": "ce-cluster",
            "outpost_config": [],
            "platform_version": "eks.10",
            "role_arn": "arn:aws:iam::261455938840:role/ce-cluster-cluster-20231215104801372000000002",
            "status": "ACTIVE",
            "tags": null,
            "tags_all": {},
            "timeouts": {
              "create": null,
              "delete": null,
              "update": null
            },
            "version": "1.27",
            "vpc_config": [
              {
                "cluster_security_group_id": "sg-0b1145e18cb2243af",
                "endpoint_private_access": true,
                "endpoint_public_access": true,
                "public_access_cidrs": [
                  "0.0.0.0/0"
                ],
                "security_group_ids": [
                  "sg-0272ac6bd126642de"
                ],
                "subnet_ids": [
                  "subnet-00d84c6b70a13b3bf",
                  "subnet-0469cbdb38fb7142c",
                  "subnet-0df626460cde0965e"
                ],
                "vpc_id": "vpc-0faf50260c8db62b3"
              }
            ]
          },
          "sensitive_attributes": [],
          "private": "eyJlMmJmYjczMC1lY2FhLTExZTYtOGY4OC0zNDM2M2JjN2M0YzAiOnsiY3JlYXRlIjoxODAwMDAwMDAwMDAwLCJkZWxldGUiOjkwMDAwMDAwMDAwMCwidXBkYXRlIjozNjAwMDAwMDAwMDAwfX0=",
          "dependencies": [
            "module.eks_cluster.module.eks.aws_cloudwatch_log_group.this",
            "module.eks_cluster.module.eks.aws_iam_policy.cni_ipv6_policy",
            "module.eks_cluster.module.eks.aws_iam_role.this",
            "module.eks_cluster.module.eks.aws_iam_role_policy_attachment.this",
            "module.eks_cluster.module.eks.aws_security_group.cluster",
            "module.eks_cluster.module.eks.aws_security_group.node",
            "module.eks_cluster.module.eks.aws_security_group_rule.cluster",
            "module.eks_cluster.module.eks.aws_security_group_rule.node",
            "module.eks_cluster.module.eks.data.aws_caller_identity.current",
            "module.eks_cluster.module.eks.data.aws_iam_policy_document.assume_role_policy",
            "module.eks_cluster.module.eks.data.aws_iam_policy_document.cni_ipv6_policy",
            "module.eks_cluster.module.eks.data.aws_iam_session_context.current",
            "module.eks_cluster.module.eks.data.aws_partition.current",
            "module.eks_cluster.module.eks.module.kms.aws_kms_external_key.this",
            "module.eks_cluster.module.eks.module.kms.aws_kms_key.this",
            "module.eks_cluster.module.eks.module.kms.data.aws_caller_identity.current",
            "module.eks_cluster.module.eks.module.kms.data.aws_iam_policy_document.this",
            "module.eks_cluster.module.eks.module.kms.data.aws_partition.current",
            "module.networking.data.aws_availability_zones.available",
            "module.networking.module.vpc.aws_subnet.private",
            "module.networking.module.vpc.aws_vpc.this",
            "module.networking.module.vpc.aws_vpc_ipv4_cidr_block_association.this"
          ],
          "create_before_destroy": true
        }
      ]
    },
    {
      "module": "module.eks_cluster.module.eks",
      "mode": "managed",
      "type": "aws_iam_openid_connect_provider",
      "name": "oidc_provider",
      "provider": "provider[\"registry.terraform.io/hashicorp/aws\"]",
      "instances": [
        {
          "index_key": 0,
          "schema_version": 0,
          "attributes": {
            "arn": "arn:aws:iam::261455938840:oidc-provider/oidc.eks.eu-west-2.amazonaws.com/id/A8D69275020ABB16DA19A650FBF6F308",
            "client_id_list": [
              "sts.amazonaws.com"
            ],
            "id": "arn:aws:iam::261455938840:oidc-provider/oidc.eks.eu-west-2.amazonaws.com/id/A8D69275020ABB16DA19A650FBF6F308",
            "tags": {
              "Name": "ce-cluster-eks-irsa"
            },
            "tags_all": {
              "Name": "ce-cluster-eks-irsa"
            },
            "thumbprint_list": [
              "9e99a48a9960b14926bb7f3b02e22da2b0ab7280",
              "06b25927c42a721631c1efd9431e648fa62e1e39",
              "414a2060b738c635cc7fc243e052615592830c53",
              "489ae8d9c7c05e9b0704768193172d67551be3b8"
            ],
            "url": "oidc.eks.eu-west-2.amazonaws.com/id/A8D69275020ABB16DA19A650FBF6F308"
          },
          "sensitive_attributes": [],
          "private": "bnVsbA==",
          "dependencies": [
            "module.eks_cluster.module.eks.aws_cloudwatch_log_group.this",
            "module.eks_cluster.module.eks.aws_eks_cluster.this",
            "module.eks_cluster.module.eks.aws_iam_policy.cni_ipv6_policy",
            "module.eks_cluster.module.eks.aws_iam_role.this",
            "module.eks_cluster.module.eks.aws_iam_role_policy_attachment.this",
            "module.eks_cluster.module.eks.aws_security_group.cluster",
            "module.eks_cluster.module.eks.aws_security_group.node",
            "module.eks_cluster.module.eks.aws_security_group_rule.cluster",
            "module.eks_cluster.module.eks.aws_security_group_rule.node",
            "module.eks_cluster.module.eks.data.aws_caller_identity.current",
            "module.eks_cluster.module.eks.data.aws_iam_policy_document.assume_role_policy",
            "module.eks_cluster.module.eks.data.aws_iam_policy_document.cni_ipv6_policy",
            "module.eks_cluster.module.eks.data.aws_iam_session_context.current",
            "module.eks_cluster.module.eks.data.aws_partition.current",
            "module.eks_cluster.module.eks.data.tls_certificate.this",
            "module.eks_cluster.module.eks.module.kms.aws_kms_external_key.this",
            "module.eks_cluster.module.eks.module.kms.aws_kms_key.this",
            "module.eks_cluster.module.eks.module.kms.data.aws_caller_identity.current",
            "module.eks_cluster.module.eks.module.kms.data.aws_iam_policy_document.this",
            "module.eks_cluster.module.eks.module.kms.data.aws_partition.current",
            "module.networking.data.aws_availability_zones.available",
            "module.networking.module.vpc.aws_subnet.private",
            "module.networking.module.vpc.aws_vpc.this",
            "module.networking.module.vpc.aws_vpc_ipv4_cidr_block_association.this"
          ]
        }
      ]
    },
    {
      "module": "module.eks_cluster.module.eks",
      "mode": "managed",
      "type": "aws_iam_policy",
      "name": "cluster_encryption",
      "provider": "provider[\"registry.terraform.io/hashicorp/aws\"]",
      "instances": [
        {
          "index_key": 0,
          "schema_version": 0,
          "attributes": {
            "arn": "arn:aws:iam::261455938840:policy/ce-cluster-cluster-ClusterEncryption2023121510481961100000000b",
            "description": "Cluster encryption policy to allow cluster role to utilize CMK provided",
            "id": "arn:aws:iam::261455938840:policy/ce-cluster-cluster-ClusterEncryption2023121510481961100000000b",
            "name": "ce-cluster-cluster-ClusterEncryption2023121510481961100000000b",
            "name_prefix": "ce-cluster-cluster-ClusterEncryption",
            "path": "/",
            "policy": "{\"Statement\":[{\"Action\":[\"kms:Encrypt\",\"kms:Decrypt\",\"kms:ListGrants\",\"kms:DescribeKey\"],\"Effect\":\"Allow\",\"Resource\":\"arn:aws:kms:eu-west-2:261455938840:key/e1fa6c03-1ec5-4e06-bbee-addb593c9bbe\"}],\"Version\":\"2012-10-17\"}",
            "policy_id": "ANPATZX75AUMG2TDOV74I",
            "tags": null,
            "tags_all": {}
          },
          "sensitive_attributes": [],
          "private": "bnVsbA==",
          "dependencies": [
            "module.eks_cluster.module.eks.aws_iam_role.this",
            "module.eks_cluster.module.eks.data.aws_caller_identity.current",
            "module.eks_cluster.module.eks.data.aws_iam_policy_document.assume_role_policy",
            "module.eks_cluster.module.eks.data.aws_iam_session_context.current",
            "module.eks_cluster.module.eks.data.aws_partition.current",
            "module.eks_cluster.module.eks.module.kms.aws_kms_external_key.this",
            "module.eks_cluster.module.eks.module.kms.aws_kms_key.this",
            "module.eks_cluster.module.eks.module.kms.data.aws_caller_identity.current",
            "module.eks_cluster.module.eks.module.kms.data.aws_iam_policy_document.this",
            "module.eks_cluster.module.eks.module.kms.data.aws_partition.current"
          ]
        }
      ]
    },
    {
      "module": "module.eks_cluster.module.eks",
      "mode": "managed",
      "type": "aws_iam_role",
      "name": "this",
      "provider": "provider[\"registry.terraform.io/hashicorp/aws\"]",
      "instances": [
        {
          "index_key": 0,
          "schema_version": 0,
          "attributes": {
            "arn": "arn:aws:iam::261455938840:role/ce-cluster-cluster-20231215104801372000000002",
            "assume_role_policy": "{\"Statement\":[{\"Action\":\"sts:AssumeRole\",\"Effect\":\"Allow\",\"Principal\":{\"Service\":\"eks.amazonaws.com\"},\"Sid\":\"EKSClusterAssumeRole\"}],\"Version\":\"2012-10-17\"}",
            "create_date": "2023-12-15T10:48:01Z",
            "description": "",
            "force_detach_policies": true,
            "id": "ce-cluster-cluster-20231215104801372000000002",
            "inline_policy": [
              {
                "name": "ce-cluster-cluster",
                "policy": "{\"Version\":\"2012-10-17\",\"Statement\":[{\"Action\":[\"logs:CreateLogGroup\"],\"Effect\":\"Deny\",\"Resource\":\"*\"}]}"
              }
            ],
            "managed_policy_arns": [],
            "max_session_duration": 3600,
            "name": "ce-cluster-cluster-20231215104801372000000002",
            "name_prefix": "ce-cluster-cluster-",
            "path": "/",
            "permissions_boundary": null,
            "role_last_used": [
              {
                "last_used_date": "",
                "region": ""
              }
            ],
            "tags": null,
            "tags_all": {},
            "unique_id": "AROATZX75AUMCKMPMGYEU"
          },
          "sensitive_attributes": [],
          "private": "bnVsbA==",
          "dependencies": [
            "module.eks_cluster.module.eks.data.aws_iam_policy_document.assume_role_policy",
            "module.eks_cluster.module.eks.data.aws_partition.current"
          ],
          "create_before_destroy": true
        }
      ]
    },
    {
      "module": "module.eks_cluster.module.eks",
      "mode": "managed",
      "type": "aws_iam_role_policy_attachment",
      "name": "cluster_encryption",
      "provider": "provider[\"registry.terraform.io/hashicorp/aws\"]",
      "instances": [
        {
          "index_key": 0,
          "schema_version": 0,
          "attributes": {
            "id": "ce-cluster-cluster-20231215104801372000000002-2023121510482032150000000c",
            "policy_arn": "arn:aws:iam::261455938840:policy/ce-cluster-cluster-ClusterEncryption2023121510481961100000000b",
            "role": "ce-cluster-cluster-20231215104801372000000002"
          },
          "sensitive_attributes": [],
          "private": "bnVsbA==",
          "dependencies": [
            "module.eks_cluster.module.eks.aws_iam_policy.cluster_encryption",
            "module.eks_cluster.module.eks.aws_iam_role.this",
            "module.eks_cluster.module.eks.data.aws_caller_identity.current",
            "module.eks_cluster.module.eks.data.aws_iam_policy_document.assume_role_policy",
            "module.eks_cluster.module.eks.data.aws_iam_session_context.current",
            "module.eks_cluster.module.eks.data.aws_partition.current",
            "module.eks_cluster.module.eks.module.kms.aws_kms_external_key.this",
            "module.eks_cluster.module.eks.module.kms.aws_kms_key.this",
            "module.eks_cluster.module.eks.module.kms.data.aws_caller_identity.current",
            "module.eks_cluster.module.eks.module.kms.data.aws_iam_policy_document.this",
            "module.eks_cluster.module.eks.module.kms.data.aws_partition.current"
          ]
        }
      ]
    },
    {
      "module": "module.eks_cluster.module.eks",
      "mode": "managed",
      "type": "aws_iam_role_policy_attachment",
      "name": "this",
      "provider": "provider[\"registry.terraform.io/hashicorp/aws\"]",
      "instances": [
        {
          "index_key": "AmazonEKSClusterPolicy",
          "schema_version": 0,
          "attributes": {
            "id": "ce-cluster-cluster-20231215104801372000000002-20231215104803107500000007",
            "policy_arn": "arn:aws:iam::aws:policy/AmazonEKSClusterPolicy",
            "role": "ce-cluster-cluster-20231215104801372000000002"
          },
          "sensitive_attributes": [],
          "private": "bnVsbA==",
          "dependencies": [
            "module.eks_cluster.module.eks.aws_iam_role.this",
            "module.eks_cluster.module.eks.data.aws_iam_policy_document.assume_role_policy",
            "module.eks_cluster.module.eks.data.aws_partition.current"
          ],
          "create_before_destroy": true
        },
        {
          "index_key": "AmazonEKSVPCResourceController",
          "schema_version": 0,
          "attributes": {
            "id": "ce-cluster-cluster-20231215104801372000000002-20231215104803093400000006",
            "policy_arn": "arn:aws:iam::aws:policy/AmazonEKSVPCResourceController",
            "role": "ce-cluster-cluster-20231215104801372000000002"
          },
          "sensitive_attributes": [],
          "private": "bnVsbA==",
          "dependencies": [
            "module.eks_cluster.module.eks.aws_iam_role.this",
            "module.eks_cluster.module.eks.data.aws_iam_policy_document.assume_role_policy",
            "module.eks_cluster.module.eks.data.aws_partition.current"
          ],
          "create_before_destroy": true
        }
      ]
    },
    {
      "module": "module.eks_cluster.module.eks",
      "mode": "managed",
      "type": "aws_security_group",
      "name": "cluster",
      "provider": "provider[\"registry.terraform.io/hashicorp/aws\"]",
      "instances": [
        {
          "index_key": 0,
          "schema_version": 1,
          "attributes": {
            "arn": "arn:aws:ec2:eu-west-2:261455938840:security-group/sg-0272ac6bd126642de",
            "description": "EKS cluster security group",
            "egress": [],
            "id": "sg-0272ac6bd126642de",
            "ingress": [],
            "name": "ce-cluster-cluster-20231215104813902100000009",
            "name_prefix": "ce-cluster-cluster-",
            "owner_id": "261455938840",
            "revoke_rules_on_delete": false,
            "tags": {
              "Name": "ce-cluster-cluster"
            },
            "tags_all": {
              "Name": "ce-cluster-cluster"
            },
            "timeouts": null,
            "vpc_id": "vpc-0faf50260c8db62b3"
          },
          "sensitive_attributes": [],
          "private": "eyJlMmJmYjczMC1lY2FhLTExZTYtOGY4OC0zNDM2M2JjN2M0YzAiOnsiY3JlYXRlIjo2MDAwMDAwMDAwMDAsImRlbGV0ZSI6OTAwMDAwMDAwMDAwfSwic2NoZW1hX3ZlcnNpb24iOiIxIn0=",
          "dependencies": [
            "module.networking.module.vpc.aws_vpc.this"
          ],
          "create_before_destroy": true
        }
      ]
    },
    {
      "module": "module.eks_cluster.module.eks",
      "mode": "managed",
      "type": "aws_security_group",
      "name": "node",
      "provider": "provider[\"registry.terraform.io/hashicorp/aws\"]",
      "instances": [
        {
          "index_key": 0,
          "schema_version": 1,
          "attributes": {
            "arn": "arn:aws:ec2:eu-west-2:261455938840:security-group/sg-02dc590f515cf82f5",
            "description": "EKS node shared security group",
            "egress": [],
            "id": "sg-02dc590f515cf82f5",
            "ingress": [],
            "name": "ce-cluster-node-20231215104813742900000008",
            "name_prefix": "ce-cluster-node-",
            "owner_id": "261455938840",
            "revoke_rules_on_delete": false,
            "tags": {
              "Name": "ce-cluster-node",
              "kubernetes.io/cluster/ce-cluster": "owned"
            },
            "tags_all": {
              "Name": "ce-cluster-node",
              "kubernetes.io/cluster/ce-cluster": "owned"
            },
            "timeouts": null,
            "vpc_id": "vpc-0faf50260c8db62b3"
          },
          "sensitive_attributes": [],
          "private": "eyJlMmJmYjczMC1lY2FhLTExZTYtOGY4OC0zNDM2M2JjN2M0YzAiOnsiY3JlYXRlIjo2MDAwMDAwMDAwMDAsImRlbGV0ZSI6OTAwMDAwMDAwMDAwfSwic2NoZW1hX3ZlcnNpb24iOiIxIn0=",
          "dependencies": [
            "module.networking.module.vpc.aws_vpc.this"
          ],
          "create_before_destroy": true
        }
      ]
    },
    {
      "module": "module.eks_cluster.module.eks",
      "mode": "managed",
      "type": "aws_security_group_rule",
      "name": "cluster",
      "provider": "provider[\"registry.terraform.io/hashicorp/aws\"]",
      "instances": [
        {
          "index_key": "ingress_nodes_443",
          "schema_version": 2,
          "attributes": {
            "cidr_blocks": null,
            "description": "Node groups to cluster API",
            "from_port": 443,
            "id": "sgrule-2863227629",
            "ipv6_cidr_blocks": null,
            "prefix_list_ids": null,
            "protocol": "tcp",
            "security_group_id": "sg-0272ac6bd126642de",
            "security_group_rule_id": "sgr-09a498a03ed74569d",
            "self": false,
            "source_security_group_id": "sg-02dc590f515cf82f5",
            "timeouts": null,
            "to_port": 443,
            "type": "ingress"
          },
          "sensitive_attributes": [],
          "private": "eyJlMmJmYjczMC1lY2FhLTExZTYtOGY4OC0zNDM2M2JjN2M0YzAiOnsiY3JlYXRlIjozMDAwMDAwMDAwMDB9LCJzY2hlbWFfdmVyc2lvbiI6IjIifQ==",
          "dependencies": [
            "module.eks_cluster.module.eks.aws_security_group.cluster",
            "module.eks_cluster.module.eks.aws_security_group.node",
            "module.networking.module.vpc.aws_vpc.this"
          ],
          "create_before_destroy": true
        }
      ]
    },
    {
      "module": "module.eks_cluster.module.eks",
      "mode": "managed",
      "type": "aws_security_group_rule",
      "name": "node",
      "provider": "provider[\"registry.terraform.io/hashicorp/aws\"]",
      "instances": [
        {
          "index_key": "egress_all",
          "schema_version": 2,
          "attributes": {
            "cidr_blocks": [
              "0.0.0.0/0"
            ],
            "description": "Allow all egress",
            "from_port": 0,
            "id": "sgrule-3079904253",
            "ipv6_cidr_blocks": null,
            "prefix_list_ids": [],
            "protocol": "-1",
            "security_group_id": "sg-02dc590f515cf82f5",
            "security_group_rule_id": "sgr-03b6ec7b146be5da0",
            "self": false,
            "source_security_group_id": null,
            "timeouts": null,
            "to_port": 0,
            "type": "egress"
          },
          "sensitive_attributes": [],
          "private": "eyJlMmJmYjczMC1lY2FhLTExZTYtOGY4OC0zNDM2M2JjN2M0YzAiOnsiY3JlYXRlIjozMDAwMDAwMDAwMDB9LCJzY2hlbWFfdmVyc2lvbiI6IjIifQ==",
          "dependencies": [
            "module.eks_cluster.module.eks.aws_security_group.cluster",
            "module.eks_cluster.module.eks.aws_security_group.node",
            "module.networking.module.vpc.aws_vpc.this"
          ],
          "create_before_destroy": true
        },
        {
          "index_key": "ingress_cluster_443",
          "schema_version": 2,
          "attributes": {
            "cidr_blocks": null,
            "description": "Cluster API to node groups",
            "from_port": 443,
            "id": "sgrule-185364506",
            "ipv6_cidr_blocks": null,
            "prefix_list_ids": [],
            "protocol": "tcp",
            "security_group_id": "sg-02dc590f515cf82f5",
            "security_group_rule_id": "sgr-0e6810c9fbcc67d52",
            "self": false,
            "source_security_group_id": "sg-0272ac6bd126642de",
            "timeouts": null,
            "to_port": 443,
            "type": "ingress"
          },
          "sensitive_attributes": [],
          "private": "eyJlMmJmYjczMC1lY2FhLTExZTYtOGY4OC0zNDM2M2JjN2M0YzAiOnsiY3JlYXRlIjozMDAwMDAwMDAwMDB9LCJzY2hlbWFfdmVyc2lvbiI6IjIifQ==",
          "dependencies": [
            "module.eks_cluster.module.eks.aws_security_group.cluster",
            "module.eks_cluster.module.eks.aws_security_group.node",
            "module.networking.module.vpc.aws_vpc.this"
          ],
          "create_before_destroy": true
        },
        {
          "index_key": "ingress_cluster_4443_webhook",
          "schema_version": 2,
          "attributes": {
            "cidr_blocks": null,
            "description": "Cluster API to node 4443/tcp webhook",
            "from_port": 4443,
            "id": "sgrule-90153621",
            "ipv6_cidr_blocks": null,
            "prefix_list_ids": [],
            "protocol": "tcp",
            "security_group_id": "sg-02dc590f515cf82f5",
            "security_group_rule_id": "sgr-02985334cef7a5dc0",
            "self": false,
            "source_security_group_id": "sg-0272ac6bd126642de",
            "timeouts": null,
            "to_port": 4443,
            "type": "ingress"
          },
          "sensitive_attributes": [],
          "private": "eyJlMmJmYjczMC1lY2FhLTExZTYtOGY4OC0zNDM2M2JjN2M0YzAiOnsiY3JlYXRlIjozMDAwMDAwMDAwMDB9LCJzY2hlbWFfdmVyc2lvbiI6IjIifQ==",
          "dependencies": [
            "module.eks_cluster.module.eks.aws_security_group.cluster",
            "module.eks_cluster.module.eks.aws_security_group.node",
            "module.networking.module.vpc.aws_vpc.this"
          ],
          "create_before_destroy": true
        },
        {
          "index_key": "ingress_cluster_6443_webhook",
          "schema_version": 2,
          "attributes": {
            "cidr_blocks": null,
            "description": "Cluster API to node 6443/tcp webhook",
            "from_port": 6443,
            "id": "sgrule-3424503043",
            "ipv6_cidr_blocks": null,
            "prefix_list_ids": [],
            "protocol": "tcp",
            "security_group_id": "sg-02dc590f515cf82f5",
            "security_group_rule_id": "sgr-0dba120bbab8d2316",
            "self": false,
            "source_security_group_id": "sg-0272ac6bd126642de",
            "timeouts": null,
            "to_port": 6443,
            "type": "ingress"
          },
          "sensitive_attributes": [],
          "private": "eyJlMmJmYjczMC1lY2FhLTExZTYtOGY4OC0zNDM2M2JjN2M0YzAiOnsiY3JlYXRlIjozMDAwMDAwMDAwMDB9LCJzY2hlbWFfdmVyc2lvbiI6IjIifQ==",
          "dependencies": [
            "module.eks_cluster.module.eks.aws_security_group.cluster",
            "module.eks_cluster.module.eks.aws_security_group.node",
            "module.networking.module.vpc.aws_vpc.this"
          ],
          "create_before_destroy": true
        },
        {
          "index_key": "ingress_cluster_8443_webhook",
          "schema_version": 2,
          "attributes": {
            "cidr_blocks": null,
            "description": "Cluster API to node 8443/tcp webhook",
            "from_port": 8443,
            "id": "sgrule-3745642786",
            "ipv6_cidr_blocks": null,
            "prefix_list_ids": [],
            "protocol": "tcp",
            "security_group_id": "sg-02dc590f515cf82f5",
            "security_group_rule_id": "sgr-09cfe4f9d96098c34",
            "self": false,
            "source_security_group_id": "sg-0272ac6bd126642de",
            "timeouts": null,
            "to_port": 8443,
            "type": "ingress"
          },
          "sensitive_attributes": [],
          "private": "eyJlMmJmYjczMC1lY2FhLTExZTYtOGY4OC0zNDM2M2JjN2M0YzAiOnsiY3JlYXRlIjozMDAwMDAwMDAwMDB9LCJzY2hlbWFfdmVyc2lvbiI6IjIifQ==",
          "dependencies": [
            "module.eks_cluster.module.eks.aws_security_group.cluster",
            "module.eks_cluster.module.eks.aws_security_group.node",
            "module.networking.module.vpc.aws_vpc.this"
          ],
          "create_before_destroy": true
        },
        {
          "index_key": "ingress_cluster_9443_webhook",
          "schema_version": 2,
          "attributes": {
            "cidr_blocks": null,
            "description": "Cluster API to node 9443/tcp webhook",
            "from_port": 9443,
            "id": "sgrule-3152071401",
            "ipv6_cidr_blocks": null,
            "prefix_list_ids": [],
            "protocol": "tcp",
            "security_group_id": "sg-02dc590f515cf82f5",
            "security_group_rule_id": "sgr-09ee45efae0a35cb4",
            "self": false,
            "source_security_group_id": "sg-0272ac6bd126642de",
            "timeouts": null,
            "to_port": 9443,
            "type": "ingress"
          },
          "sensitive_attributes": [],
          "private": "eyJlMmJmYjczMC1lY2FhLTExZTYtOGY4OC0zNDM2M2JjN2M0YzAiOnsiY3JlYXRlIjozMDAwMDAwMDAwMDB9LCJzY2hlbWFfdmVyc2lvbiI6IjIifQ==",
          "dependencies": [
            "module.eks_cluster.module.eks.aws_security_group.cluster",
            "module.eks_cluster.module.eks.aws_security_group.node",
            "module.networking.module.vpc.aws_vpc.this"
          ],
          "create_before_destroy": true
        },
        {
          "index_key": "ingress_cluster_kubelet",
          "schema_version": 2,
          "attributes": {
            "cidr_blocks": null,
            "description": "Cluster API to node kubelets",
            "from_port": 10250,
            "id": "sgrule-1795116084",
            "ipv6_cidr_blocks": null,
            "prefix_list_ids": [],
            "protocol": "tcp",
            "security_group_id": "sg-02dc590f515cf82f5",
            "security_group_rule_id": "sgr-0cd0ab53783011a09",
            "self": false,
            "source_security_group_id": "sg-0272ac6bd126642de",
            "timeouts": null,
            "to_port": 10250,
            "type": "ingress"
          },
          "sensitive_attributes": [],
          "private": "eyJlMmJmYjczMC1lY2FhLTExZTYtOGY4OC0zNDM2M2JjN2M0YzAiOnsiY3JlYXRlIjozMDAwMDAwMDAwMDB9LCJzY2hlbWFfdmVyc2lvbiI6IjIifQ==",
          "dependencies": [
            "module.eks_cluster.module.eks.aws_security_group.cluster",
            "module.eks_cluster.module.eks.aws_security_group.node",
            "module.networking.module.vpc.aws_vpc.this"
          ],
          "create_before_destroy": true
        },
        {
          "index_key": "ingress_nodes_ephemeral",
          "schema_version": 2,
          "attributes": {
            "cidr_blocks": null,
            "description": "Node to node ingress on ephemeral ports",
            "from_port": 1025,
            "id": "sgrule-3109421763",
            "ipv6_cidr_blocks": null,
            "prefix_list_ids": [],
            "protocol": "tcp",
            "security_group_id": "sg-02dc590f515cf82f5",
            "security_group_rule_id": "sgr-048a74540ccf63cb4",
            "self": true,
            "source_security_group_id": null,
            "timeouts": null,
            "to_port": 65535,
            "type": "ingress"
          },
          "sensitive_attributes": [],
          "private": "eyJlMmJmYjczMC1lY2FhLTExZTYtOGY4OC0zNDM2M2JjN2M0YzAiOnsiY3JlYXRlIjozMDAwMDAwMDAwMDB9LCJzY2hlbWFfdmVyc2lvbiI6IjIifQ==",
          "dependencies": [
            "module.eks_cluster.module.eks.aws_security_group.cluster",
            "module.eks_cluster.module.eks.aws_security_group.node",
            "module.networking.module.vpc.aws_vpc.this"
          ],
          "create_before_destroy": true
        },
        {
          "index_key": "ingress_self_coredns_tcp",
          "schema_version": 2,
          "attributes": {
            "cidr_blocks": null,
            "description": "Node to node CoreDNS",
            "from_port": 53,
            "id": "sgrule-3204962172",
            "ipv6_cidr_blocks": null,
            "prefix_list_ids": [],
            "protocol": "tcp",
            "security_group_id": "sg-02dc590f515cf82f5",
            "security_group_rule_id": "sgr-004e93ea610c70db4",
            "self": true,
            "source_security_group_id": null,
            "timeouts": null,
            "to_port": 53,
            "type": "ingress"
          },
          "sensitive_attributes": [],
          "private": "eyJlMmJmYjczMC1lY2FhLTExZTYtOGY4OC0zNDM2M2JjN2M0YzAiOnsiY3JlYXRlIjozMDAwMDAwMDAwMDB9LCJzY2hlbWFfdmVyc2lvbiI6IjIifQ==",
          "dependencies": [
            "module.eks_cluster.module.eks.aws_security_group.cluster",
            "module.eks_cluster.module.eks.aws_security_group.node",
            "module.networking.module.vpc.aws_vpc.this"
          ],
          "create_before_destroy": true
        },
        {
          "index_key": "ingress_self_coredns_udp",
          "schema_version": 2,
          "attributes": {
            "cidr_blocks": null,
            "description": "Node to node CoreDNS UDP",
            "from_port": 53,
            "id": "sgrule-458781843",
            "ipv6_cidr_blocks": null,
            "prefix_list_ids": [],
            "protocol": "udp",
            "security_group_id": "sg-02dc590f515cf82f5",
            "security_group_rule_id": "sgr-0437693b173facdcf",
            "self": true,
            "source_security_group_id": null,
            "timeouts": null,
            "to_port": 53,
            "type": "ingress"
          },
          "sensitive_attributes": [],
          "private": "eyJlMmJmYjczMC1lY2FhLTExZTYtOGY4OC0zNDM2M2JjN2M0YzAiOnsiY3JlYXRlIjozMDAwMDAwMDAwMDB9LCJzY2hlbWFfdmVyc2lvbiI6IjIifQ==",
          "dependencies": [
            "module.eks_cluster.module.eks.aws_security_group.cluster",
            "module.eks_cluster.module.eks.aws_security_group.node",
            "module.networking.module.vpc.aws_vpc.this"
          ],
          "create_before_destroy": true
        }
      ]
    },
    {
      "module": "module.eks_cluster.module.eks",
      "mode": "managed",
      "type": "time_sleep",
      "name": "this",
      "provider": "provider[\"registry.terraform.io/hashicorp/time\"]",
      "instances": [
        {
          "index_key": 0,
          "schema_version": 0,
          "attributes": {
            "create_duration": "30s",
            "destroy_duration": null,
            "id": "2023-12-15T10:56:55Z",
            "triggers": {
              "cluster_certificate_authority_data": "LS0tLS1CRUdJTiBDRVJUSUZJQ0FURS0tLS0tCk1JSURCVENDQWUyZ0F3SUJBZ0lJVFlKR1lxMnIvRGN3RFFZSktvWklodmNOQVFFTEJRQXdGVEVUTUJFR0ExVUUKQXhNS2EzVmlaWEp1WlhSbGN6QWVGdzB5TXpFeU1UVXhNRFEzTlRkYUZ3MHpNekV5TVRJeE1EVXlOVGRhTUJVeApFekFSQmdOVkJBTVRDbXQxWW1WeWJtVjBaWE13Z2dFaU1BMEdDU3FHU0liM0RRRUJBUVVBQTRJQkR3QXdnZ0VLCkFvSUJBUURXeXJyUUlzY1F6cnhjRlRFdGJjTXppQWJKUThja01LS2xZZ20wcHRtZXVVZVczc0RZNHJHNVBldGcKajFScDIwc3dROVgzL05VNmVDSG9Sb054SW9TZCtYUHlCL01EVWVvKzZBREk1Smxaa1ZsRlVLZXdQbU93U1EvOQpieURFYnZSOTY5MXpTM3g4WXZPdXdkMkIrYVh6dlg1RndjUi9nWjlpWXQvK2FlNlRVRlV3N25oeHU4ckNkWnNyCklpNUlJYlBRTmVFcUZIRFEySFNZQ2VkOFllSThoVHJaVEE5ZjRUNHVmQlRjUVdrV1B1cUlUY0QvTWhkbmNLemkKNTdNbW82MzlFbHRpSng2VUk2bGlGQ1A3cFpUMnJvOHAvRTF3U0pnaTV6d28vaHJ5RHgxdVVKOUhVSi9uK0Y4dwpncUhLdjZyNzV6UGpPcXZabTBKSGo0RDhnbmlyQWdNQkFBR2pXVEJYTUE0R0ExVWREd0VCL3dRRUF3SUNwREFQCkJnTlZIUk1CQWY4RUJUQURBUUgvTUIwR0ExVWREZ1FXQkJRWFVlWnVEeFpEYWdlMGRKWmJOdzRRaEJjN1pqQVYKQmdOVkhSRUVEakFNZ2dwcmRXSmxjbTVsZEdWek1BMEdDU3FHU0liM0RRRUJDd1VBQTRJQkFRQjhneVlWRlYwTgpwRmFZQmxHVWFuWEErNXpkNzJYaTBpMiswcklIS1VpTGR0Ry9iU0YxV1BGbzIwY3gwKzZXNGlqM3pTdkN5T2lPCjFqK05RcXFGZkpkdFkwdzc3OWIzdEVtS09MNGcyd09BTUNxNnJSaXJsWTU2S2lNaFM2Zks5TFlsUG1rZzhna3gKRjJFcHp4Snh1eGxCKzFvaWx6dXBGOTdYeGhMang2dUp3MmRaMTFtM0ZJOXpmVWdaaFdCVWpiNDhxMmtLajFndwpVa1JBZHBBdi9HeVRXWElVRlRPeGFmeWNycGc4bkFCODBMN0xOdnl2Ymk4Y2crTlpkQjJCZ0hPcXJCRVl2a2hTCkg1UEV3MU1NZEtjb212NS9TKzRsVytwNVdhN1o4cjc0ZmJWYWFaVUx3SGFzaCtzQ2RRTDVkWmVRdkVHMjRuTVgKNVRqd2pHVjZPYTB3Ci0tLS0tRU5EIENFUlRJRklDQVRFLS0tLS0K",
              "cluster_endpoint": "https://A8D69275020ABB16DA19A650FBF6F308.gr7.eu-west-2.eks.amazonaws.com",
              "cluster_name": "ce-cluster",
              "cluster_version": "1.27"
            }
          },
          "sensitive_attributes": [],
          "dependencies": [
            "module.eks_cluster.module.eks.aws_cloudwatch_log_group.this",
            "module.eks_cluster.module.eks.aws_eks_cluster.this",
            "module.eks_cluster.module.eks.aws_iam_policy.cni_ipv6_policy",
            "module.eks_cluster.module.eks.aws_iam_role.this",
            "module.eks_cluster.module.eks.aws_iam_role_policy_attachment.this",
            "module.eks_cluster.module.eks.aws_security_group.cluster",
            "module.eks_cluster.module.eks.aws_security_group.node",
            "module.eks_cluster.module.eks.aws_security_group_rule.cluster",
            "module.eks_cluster.module.eks.aws_security_group_rule.node",
            "module.eks_cluster.module.eks.data.aws_caller_identity.current",
            "module.eks_cluster.module.eks.data.aws_iam_policy_document.assume_role_policy",
            "module.eks_cluster.module.eks.data.aws_iam_policy_document.cni_ipv6_policy",
            "module.eks_cluster.module.eks.data.aws_iam_session_context.current",
            "module.eks_cluster.module.eks.data.aws_partition.current",
            "module.eks_cluster.module.eks.module.kms.aws_kms_external_key.this",
            "module.eks_cluster.module.eks.module.kms.aws_kms_key.this",
            "module.eks_cluster.module.eks.module.kms.data.aws_caller_identity.current",
            "module.eks_cluster.module.eks.module.kms.data.aws_iam_policy_document.this",
            "module.eks_cluster.module.eks.module.kms.data.aws_partition.current",
            "module.networking.data.aws_availability_zones.available",
            "module.networking.module.vpc.aws_subnet.private",
            "module.networking.module.vpc.aws_vpc.this",
            "module.networking.module.vpc.aws_vpc_ipv4_cidr_block_association.this"
          ],
          "create_before_destroy": true
        }
      ]
    },
    {
      "module": "module.eks_cluster.module.eks.module.eks_managed_node_group[\"one\"]",
      "mode": "data",
      "type": "aws_caller_identity",
      "name": "current",
      "provider": "provider[\"registry.terraform.io/hashicorp/aws\"]",
      "instances": [
        {
          "schema_version": 0,
          "attributes": {
            "account_id": "261455938840",
            "arn": "arn:aws:sts::261455938840:assumed-role/AWSReservedSSO_AWSAdministratorAccess_942537642d412ee7/anamaria.morogan.ce-202311@northcoders.net",
            "id": "261455938840",
            "user_id": "AROATZX75AUMNKPN3D3Z7:anamaria.morogan.ce-202311@northcoders.net"
          },
          "sensitive_attributes": []
        }
      ]
    },
    {
      "module": "module.eks_cluster.module.eks.module.eks_managed_node_group[\"one\"]",
      "mode": "data",
      "type": "aws_iam_policy_document",
      "name": "assume_role_policy",
      "provider": "provider[\"registry.terraform.io/hashicorp/aws\"]",
      "instances": [
        {
          "index_key": 0,
          "schema_version": 0,
          "attributes": {
            "id": "2560088296",
            "json": "{\n  \"Version\": \"2012-10-17\",\n  \"Statement\": [\n    {\n      \"Sid\": \"EKSNodeAssumeRole\",\n      \"Effect\": \"Allow\",\n      \"Action\": \"sts:AssumeRole\",\n      \"Principal\": {\n        \"Service\": \"ec2.amazonaws.com\"\n      }\n    }\n  ]\n}",
            "override_policy_documents": null,
            "policy_id": null,
            "source_policy_documents": null,
            "statement": [
              {
                "actions": [
                  "sts:AssumeRole"
                ],
                "condition": [],
                "effect": "Allow",
                "not_actions": [],
                "not_principals": [],
                "not_resources": [],
                "principals": [
                  {
                    "identifiers": [
                      "ec2.amazonaws.com"
                    ],
                    "type": "Service"
                  }
                ],
                "resources": [],
                "sid": "EKSNodeAssumeRole"
              }
            ],
            "version": "2012-10-17"
          },
          "sensitive_attributes": []
        }
      ]
    },
    {
      "module": "module.eks_cluster.module.eks.module.eks_managed_node_group[\"one\"]",
      "mode": "data",
      "type": "aws_partition",
      "name": "current",
      "provider": "provider[\"registry.terraform.io/hashicorp/aws\"]",
      "instances": [
        {
          "schema_version": 0,
          "attributes": {
            "dns_suffix": "amazonaws.com",
            "id": "aws",
            "partition": "aws",
            "reverse_dns_prefix": "com.amazonaws"
          },
          "sensitive_attributes": []
        }
      ]
    },
    {
      "module": "module.eks_cluster.module.eks.module.eks_managed_node_group[\"one\"]",
      "mode": "managed",
      "type": "aws_eks_node_group",
      "name": "this",
      "provider": "provider[\"registry.terraform.io/hashicorp/aws\"]",
      "instances": [
        {
          "index_key": 0,
          "schema_version": 0,
          "attributes": {
            "ami_type": "AL2_x86_64",
            "arn": "arn:aws:eks:eu-west-2:261455938840:nodegroup/ce-cluster/node-group-1-2023121510565568440000000f/0ac6368f-a3e1-ab8e-06e9-63bf0d7dea88",
            "capacity_type": "ON_DEMAND",
            "cluster_name": "ce-cluster",
            "disk_size": 0,
            "force_update_version": null,
            "id": "ce-cluster:node-group-1-2023121510565568440000000f",
            "instance_types": [
              "t3.small"
            ],
            "labels": null,
            "launch_template": [
              {
                "id": "lt-0e660f0b2c3b388bd",
                "name": "one-2023121510565522100000000d",
                "version": "1"
              }
            ],
            "node_group_name": "node-group-1-2023121510565568440000000f",
            "node_group_name_prefix": "node-group-1-",
            "node_role_arn": "arn:aws:iam::261455938840:role/node-group-1-eks-node-group-20231215104801371300000001",
            "release_version": "1.27.7-20231201",
            "remote_access": [],
            "resources": [
              {
                "autoscaling_groups": [
                  {
                    "name": "eks-node-group-1-2023121510565568440000000f-0ac6368f-a3e1-ab8e-06e9-63bf0d7dea88"
                  }
                ],
                "remote_access_security_group_id": ""
              }
            ],
            "scaling_config": [
              {
                "desired_size": 1,
                "max_size": 1,
                "min_size": 1
              }
            ],
            "status": "ACTIVE",
            "subnet_ids": [
              "subnet-00d84c6b70a13b3bf",
              "subnet-0469cbdb38fb7142c",
              "subnet-0df626460cde0965e"
            ],
            "tags": {
              "Name": "node-group-1"
            },
            "tags_all": {
              "Name": "node-group-1"
            },
            "taint": [],
            "timeouts": {
              "create": null,
              "delete": null,
              "update": null
            },
            "update_config": [
              {
                "max_unavailable": 0,
                "max_unavailable_percentage": 33
              }
            ],
            "version": "1.27"
          },
          "sensitive_attributes": [],
          "private": "eyJlMmJmYjczMC1lY2FhLTExZTYtOGY4OC0zNDM2M2JjN2M0YzAiOnsiY3JlYXRlIjozNjAwMDAwMDAwMDAwLCJkZWxldGUiOjM2MDAwMDAwMDAwMDAsInVwZGF0ZSI6MzYwMDAwMDAwMDAwMH19",
          "dependencies": [
            "module.eks_cluster.module.eks.aws_cloudwatch_log_group.this",
            "module.eks_cluster.module.eks.aws_eks_cluster.this",
            "module.eks_cluster.module.eks.aws_iam_policy.cni_ipv6_policy",
            "module.eks_cluster.module.eks.aws_iam_role.this",
            "module.eks_cluster.module.eks.aws_iam_role_policy_attachment.this",
            "module.eks_cluster.module.eks.aws_security_group.cluster",
            "module.eks_cluster.module.eks.aws_security_group.node",
            "module.eks_cluster.module.eks.aws_security_group_rule.cluster",
            "module.eks_cluster.module.eks.aws_security_group_rule.node",
            "module.eks_cluster.module.eks.data.aws_caller_identity.current",
            "module.eks_cluster.module.eks.data.aws_iam_policy_document.assume_role_policy",
            "module.eks_cluster.module.eks.data.aws_iam_policy_document.cni_ipv6_policy",
            "module.eks_cluster.module.eks.data.aws_iam_session_context.current",
            "module.eks_cluster.module.eks.data.aws_partition.current",
            "module.eks_cluster.module.eks.module.eks_managed_node_group.aws_iam_role.this",
            "module.eks_cluster.module.eks.module.eks_managed_node_group.aws_iam_role_policy_attachment.this",
            "module.eks_cluster.module.eks.module.eks_managed_node_group.aws_launch_template.this",
            "module.eks_cluster.module.eks.module.eks_managed_node_group.data.aws_caller_identity.current",
            "module.eks_cluster.module.eks.module.eks_managed_node_group.data.aws_iam_policy_document.assume_role_policy",
            "module.eks_cluster.module.eks.module.eks_managed_node_group.data.aws_partition.current",
            "module.eks_cluster.module.eks.module.eks_managed_node_group.module.user_data.data.cloudinit_config.linux_eks_managed_node_group",
            "module.eks_cluster.module.eks.module.kms.aws_kms_external_key.this",
            "module.eks_cluster.module.eks.module.kms.aws_kms_key.this",
            "module.eks_cluster.module.eks.module.kms.data.aws_caller_identity.current",
            "module.eks_cluster.module.eks.module.kms.data.aws_iam_policy_document.this",
            "module.eks_cluster.module.eks.module.kms.data.aws_partition.current",
            "module.eks_cluster.module.eks.time_sleep.this",
            "module.networking.data.aws_availability_zones.available",
            "module.networking.module.vpc.aws_subnet.private",
            "module.networking.module.vpc.aws_vpc.this",
            "module.networking.module.vpc.aws_vpc_ipv4_cidr_block_association.this"
          ],
          "create_before_destroy": true
        }
      ]
    },
    {
      "module": "module.eks_cluster.module.eks.module.eks_managed_node_group[\"one\"]",
      "mode": "managed",
      "type": "aws_iam_role",
      "name": "this",
      "provider": "provider[\"registry.terraform.io/hashicorp/aws\"]",
      "instances": [
        {
          "index_key": 0,
          "schema_version": 0,
          "attributes": {
            "arn": "arn:aws:iam::261455938840:role/node-group-1-eks-node-group-20231215104801371300000001",
            "assume_role_policy": "{\"Statement\":[{\"Action\":\"sts:AssumeRole\",\"Effect\":\"Allow\",\"Principal\":{\"Service\":\"ec2.amazonaws.com\"},\"Sid\":\"EKSNodeAssumeRole\"}],\"Version\":\"2012-10-17\"}",
            "create_date": "2023-12-15T10:48:01Z",
            "description": "EKS managed node group IAM role",
            "force_detach_policies": true,
            "id": "node-group-1-eks-node-group-20231215104801371300000001",
            "inline_policy": [],
            "managed_policy_arns": [],
            "max_session_duration": 3600,
            "name": "node-group-1-eks-node-group-20231215104801371300000001",
            "name_prefix": "node-group-1-eks-node-group-",
            "path": "/",
            "permissions_boundary": null,
            "role_last_used": [
              {
                "last_used_date": "",
                "region": ""
              }
            ],
            "tags": null,
            "tags_all": {},
            "unique_id": "AROATZX75AUMONUG5PGFE"
          },
          "sensitive_attributes": [],
          "private": "bnVsbA==",
          "dependencies": [
            "module.eks_cluster.module.eks.module.eks_managed_node_group.data.aws_iam_policy_document.assume_role_policy",
            "module.eks_cluster.module.eks.module.eks_managed_node_group.data.aws_partition.current"
          ],
          "create_before_destroy": true
        }
      ]
    },
    {
      "module": "module.eks_cluster.module.eks.module.eks_managed_node_group[\"one\"]",
      "mode": "managed",
      "type": "aws_iam_role_policy_attachment",
      "name": "this",
      "provider": "provider[\"registry.terraform.io/hashicorp/aws\"]",
      "instances": [
        {
          "index_key": "arn:aws:iam::aws:policy/AmazonEC2ContainerRegistryReadOnly",
          "schema_version": 0,
          "attributes": {
            "id": "node-group-1-eks-node-group-20231215104801371300000001-20231215104802541800000003",
            "policy_arn": "arn:aws:iam::aws:policy/AmazonEC2ContainerRegistryReadOnly",
            "role": "node-group-1-eks-node-group-20231215104801371300000001"
          },
          "sensitive_attributes": [],
          "private": "bnVsbA==",
          "dependencies": [
            "module.eks_cluster.module.eks.module.eks_managed_node_group.aws_iam_role.this",
            "module.eks_cluster.module.eks.module.eks_managed_node_group.data.aws_caller_identity.current",
            "module.eks_cluster.module.eks.module.eks_managed_node_group.data.aws_iam_policy_document.assume_role_policy",
            "module.eks_cluster.module.eks.module.eks_managed_node_group.data.aws_partition.current"
          ],
          "create_before_destroy": true
        },
        {
          "index_key": "arn:aws:iam::aws:policy/AmazonEKSWorkerNodePolicy",
          "schema_version": 0,
          "attributes": {
            "id": "node-group-1-eks-node-group-20231215104801371300000001-20231215104802761700000005",
            "policy_arn": "arn:aws:iam::aws:policy/AmazonEKSWorkerNodePolicy",
            "role": "node-group-1-eks-node-group-20231215104801371300000001"
          },
          "sensitive_attributes": [],
          "private": "bnVsbA==",
          "dependencies": [
            "module.eks_cluster.module.eks.module.eks_managed_node_group.aws_iam_role.this",
            "module.eks_cluster.module.eks.module.eks_managed_node_group.data.aws_caller_identity.current",
            "module.eks_cluster.module.eks.module.eks_managed_node_group.data.aws_iam_policy_document.assume_role_policy",
            "module.eks_cluster.module.eks.module.eks_managed_node_group.data.aws_partition.current"
          ],
          "create_before_destroy": true
        },
        {
          "index_key": "arn:aws:iam::aws:policy/AmazonEKS_CNI_Policy",
          "schema_version": 0,
          "attributes": {
            "id": "node-group-1-eks-node-group-20231215104801371300000001-20231215104802612000000004",
            "policy_arn": "arn:aws:iam::aws:policy/AmazonEKS_CNI_Policy",
            "role": "node-group-1-eks-node-group-20231215104801371300000001"
          },
          "sensitive_attributes": [],
          "private": "bnVsbA==",
          "dependencies": [
            "module.eks_cluster.module.eks.module.eks_managed_node_group.aws_iam_role.this",
            "module.eks_cluster.module.eks.module.eks_managed_node_group.data.aws_caller_identity.current",
            "module.eks_cluster.module.eks.module.eks_managed_node_group.data.aws_iam_policy_document.assume_role_policy",
            "module.eks_cluster.module.eks.module.eks_managed_node_group.data.aws_partition.current"
          ],
          "create_before_destroy": true
        }
      ]
    },
    {
      "module": "module.eks_cluster.module.eks.module.eks_managed_node_group[\"one\"]",
      "mode": "managed",
      "type": "aws_launch_template",
      "name": "this",
      "provider": "provider[\"registry.terraform.io/hashicorp/aws\"]",
      "instances": [
        {
          "index_key": 0,
          "schema_version": 0,
          "attributes": {
            "arn": "arn:aws:ec2:eu-west-2:261455938840:launch-template/lt-0e660f0b2c3b388bd",
            "block_device_mappings": [],
            "capacity_reservation_specification": [],
            "cpu_options": [],
            "credit_specification": [],
            "default_version": 1,
            "description": "Custom launch template for node-group-1 EKS managed node group",
            "disable_api_stop": false,
            "disable_api_termination": false,
            "ebs_optimized": "",
            "elastic_gpu_specifications": [],
            "elastic_inference_accelerator": [],
            "enclave_options": [],
            "hibernation_options": [],
            "iam_instance_profile": [],
            "id": "lt-0e660f0b2c3b388bd",
            "image_id": "",
            "instance_initiated_shutdown_behavior": "",
            "instance_market_options": [],
            "instance_requirements": [],
            "instance_type": "",
            "kernel_id": "",
            "key_name": "",
            "latest_version": 1,
            "license_specification": [],
            "maintenance_options": [],
            "metadata_options": [
              {
                "http_endpoint": "enabled",
                "http_protocol_ipv6": "",
                "http_put_response_hop_limit": 2,
                "http_tokens": "required",
                "instance_metadata_tags": ""
              }
            ],
            "monitoring": [
              {
                "enabled": true
              }
            ],
            "name": "one-2023121510565522100000000d",
            "name_prefix": "one-",
            "network_interfaces": [],
            "placement": [],
            "private_dns_name_options": [],
            "ram_disk_id": "",
            "security_group_names": null,
            "tag_specifications": [
              {
                "resource_type": "instance",
                "tags": {
                  "Name": "node-group-1"
                }
              },
              {
                "resource_type": "network-interface",
                "tags": {
                  "Name": "node-group-1"
                }
              },
              {
                "resource_type": "volume",
                "tags": {
                  "Name": "node-group-1"
                }
              }
            ],
            "tags": null,
            "tags_all": {},
            "update_default_version": true,
            "user_data": "",
            "vpc_security_group_ids": [
              "sg-02dc590f515cf82f5"
            ]
          },
          "sensitive_attributes": [],
          "private": "bnVsbA==",
          "dependencies": [
            "module.eks_cluster.module.eks.aws_cloudwatch_log_group.this",
            "module.eks_cluster.module.eks.aws_eks_cluster.this",
            "module.eks_cluster.module.eks.aws_iam_policy.cni_ipv6_policy",
            "module.eks_cluster.module.eks.aws_iam_role.this",
            "module.eks_cluster.module.eks.aws_iam_role_policy_attachment.this",
            "module.eks_cluster.module.eks.aws_security_group.cluster",
            "module.eks_cluster.module.eks.aws_security_group.node",
            "module.eks_cluster.module.eks.aws_security_group_rule.cluster",
            "module.eks_cluster.module.eks.aws_security_group_rule.node",
            "module.eks_cluster.module.eks.data.aws_caller_identity.current",
            "module.eks_cluster.module.eks.data.aws_iam_policy_document.assume_role_policy",
            "module.eks_cluster.module.eks.data.aws_iam_policy_document.cni_ipv6_policy",
            "module.eks_cluster.module.eks.data.aws_iam_session_context.current",
            "module.eks_cluster.module.eks.data.aws_partition.current",
            "module.eks_cluster.module.eks.module.eks_managed_node_group.aws_iam_role.this",
            "module.eks_cluster.module.eks.module.eks_managed_node_group.aws_iam_role_policy_attachment.this",
            "module.eks_cluster.module.eks.module.eks_managed_node_group.data.aws_caller_identity.current",
            "module.eks_cluster.module.eks.module.eks_managed_node_group.data.aws_iam_policy_document.assume_role_policy",
            "module.eks_cluster.module.eks.module.eks_managed_node_group.data.aws_partition.current",
            "module.eks_cluster.module.eks.module.eks_managed_node_group.module.user_data.data.cloudinit_config.linux_eks_managed_node_group",
            "module.eks_cluster.module.eks.module.kms.aws_kms_external_key.this",
            "module.eks_cluster.module.eks.module.kms.aws_kms_key.this",
            "module.eks_cluster.module.eks.module.kms.data.aws_caller_identity.current",
            "module.eks_cluster.module.eks.module.kms.data.aws_iam_policy_document.this",
            "module.eks_cluster.module.eks.module.kms.data.aws_partition.current",
            "module.eks_cluster.module.eks.time_sleep.this",
            "module.networking.data.aws_availability_zones.available",
            "module.networking.module.vpc.aws_subnet.private",
            "module.networking.module.vpc.aws_vpc.this",
            "module.networking.module.vpc.aws_vpc_ipv4_cidr_block_association.this"
          ],
          "create_before_destroy": true
        }
      ]
    },
    {
      "module": "module.eks_cluster.module.eks.module.kms",
      "mode": "data",
      "type": "aws_caller_identity",
      "name": "current",
      "provider": "provider[\"registry.terraform.io/hashicorp/aws\"]",
      "instances": [
        {
          "schema_version": 0,
          "attributes": {
            "account_id": "261455938840",
            "arn": "arn:aws:sts::261455938840:assumed-role/AWSReservedSSO_AWSAdministratorAccess_942537642d412ee7/anamaria.morogan.ce-202311@northcoders.net",
            "id": "261455938840",
            "user_id": "AROATZX75AUMNKPN3D3Z7:anamaria.morogan.ce-202311@northcoders.net"
          },
          "sensitive_attributes": []
        }
      ]
    },
    {
      "module": "module.eks_cluster.module.eks.module.kms",
      "mode": "data",
      "type": "aws_iam_policy_document",
      "name": "this",
      "provider": "provider[\"registry.terraform.io/hashicorp/aws\"]",
      "instances": [
        {
          "index_key": 0,
          "schema_version": 0,
          "attributes": {
            "id": "1212523626",
            "json": "{\n  \"Version\": \"2012-10-17\",\n  \"Statement\": [\n    {\n      \"Sid\": \"KeyAdministration\",\n      \"Effect\": \"Allow\",\n      \"Action\": [\n        \"kms:Update*\",\n        \"kms:UntagResource\",\n        \"kms:TagResource\",\n        \"kms:ScheduleKeyDeletion\",\n        \"kms:Revoke*\",\n        \"kms:Put*\",\n        \"kms:List*\",\n        \"kms:Get*\",\n        \"kms:Enable*\",\n        \"kms:Disable*\",\n        \"kms:Describe*\",\n        \"kms:Delete*\",\n        \"kms:Create*\",\n        \"kms:CancelKeyDeletion\"\n      ],\n      \"Resource\": \"*\",\n      \"Principal\": {\n        \"AWS\": \"arn:aws:iam::261455938840:role/aws-reserved/sso.amazonaws.com/eu-west-2/AWSReservedSSO_AWSAdministratorAccess_942537642d412ee7\"\n      }\n    },\n    {\n      \"Sid\": \"KeyUsage\",\n      \"Effect\": \"Allow\",\n      \"Action\": [\n        \"kms:ReEncrypt*\",\n        \"kms:GenerateDataKey*\",\n        \"kms:Encrypt\",\n        \"kms:DescribeKey\",\n        \"kms:Decrypt\"\n      ],\n      \"Resource\": \"*\",\n      \"Principal\": {\n        \"AWS\": \"arn:aws:iam::261455938840:role/ce-cluster-cluster-20231215104801372000000002\"\n      }\n    }\n  ]\n}",
            "override_policy_documents": null,
            "policy_id": null,
            "source_policy_documents": null,
            "statement": [
              {
                "actions": [
                  "kms:CancelKeyDeletion",
                  "kms:Create*",
                  "kms:Delete*",
                  "kms:Describe*",
                  "kms:Disable*",
                  "kms:Enable*",
                  "kms:Get*",
                  "kms:List*",
                  "kms:Put*",
                  "kms:Revoke*",
                  "kms:ScheduleKeyDeletion",
                  "kms:TagResource",
                  "kms:UntagResource",
                  "kms:Update*"
                ],
                "condition": [],
                "effect": "Allow",
                "not_actions": [],
                "not_principals": [],
                "not_resources": [],
                "principals": [
                  {
                    "identifiers": [
                      "arn:aws:iam::261455938840:role/aws-reserved/sso.amazonaws.com/eu-west-2/AWSReservedSSO_AWSAdministratorAccess_942537642d412ee7"
                    ],
                    "type": "AWS"
                  }
                ],
                "resources": [
                  "*"
                ],
                "sid": "KeyAdministration"
              },
              {
                "actions": [
                  "kms:Decrypt",
                  "kms:DescribeKey",
                  "kms:Encrypt",
                  "kms:GenerateDataKey*",
                  "kms:ReEncrypt*"
                ],
                "condition": [],
                "effect": "Allow",
                "not_actions": [],
                "not_principals": [],
                "not_resources": [],
                "principals": [
                  {
                    "identifiers": [
                      "arn:aws:iam::261455938840:role/ce-cluster-cluster-20231215104801372000000002"
                    ],
                    "type": "AWS"
                  }
                ],
                "resources": [
                  "*"
                ],
                "sid": "KeyUsage"
              }
            ],
            "version": "2012-10-17"
          },
          "sensitive_attributes": []
        }
      ]
    },
    {
      "module": "module.eks_cluster.module.eks.module.kms",
      "mode": "data",
      "type": "aws_partition",
      "name": "current",
      "provider": "provider[\"registry.terraform.io/hashicorp/aws\"]",
      "instances": [
        {
          "schema_version": 0,
          "attributes": {
            "dns_suffix": "amazonaws.com",
            "id": "aws",
            "partition": "aws",
            "reverse_dns_prefix": "com.amazonaws"
          },
          "sensitive_attributes": []
        }
      ]
    },
    {
      "module": "module.eks_cluster.module.eks.module.kms",
      "mode": "managed",
      "type": "aws_kms_alias",
      "name": "this",
      "provider": "provider[\"registry.terraform.io/hashicorp/aws\"]",
      "instances": [
        {
          "index_key": "cluster",
          "schema_version": 0,
          "attributes": {
            "arn": "arn:aws:kms:eu-west-2:261455938840:alias/eks/ce-cluster",
            "id": "alias/eks/ce-cluster",
            "name": "alias/eks/ce-cluster",
            "name_prefix": "",
            "target_key_arn": "arn:aws:kms:eu-west-2:261455938840:key/e1fa6c03-1ec5-4e06-bbee-addb593c9bbe",
            "target_key_id": "e1fa6c03-1ec5-4e06-bbee-addb593c9bbe"
          },
          "sensitive_attributes": [],
          "private": "bnVsbA==",
          "dependencies": [
            "module.eks_cluster.module.eks.aws_iam_role.this",
            "module.eks_cluster.module.eks.data.aws_caller_identity.current",
            "module.eks_cluster.module.eks.data.aws_iam_policy_document.assume_role_policy",
            "module.eks_cluster.module.eks.data.aws_iam_session_context.current",
            "module.eks_cluster.module.eks.data.aws_partition.current",
            "module.eks_cluster.module.eks.module.kms.aws_kms_external_key.this",
            "module.eks_cluster.module.eks.module.kms.aws_kms_key.this",
            "module.eks_cluster.module.eks.module.kms.data.aws_caller_identity.current",
            "module.eks_cluster.module.eks.module.kms.data.aws_iam_policy_document.this",
            "module.eks_cluster.module.eks.module.kms.data.aws_partition.current"
          ]
        }
      ]
    },
    {
      "module": "module.eks_cluster.module.eks.module.kms",
      "mode": "managed",
      "type": "aws_kms_key",
      "name": "this",
      "provider": "provider[\"registry.terraform.io/hashicorp/aws\"]",
      "instances": [
        {
          "index_key": 0,
          "schema_version": 0,
          "attributes": {
            "arn": "arn:aws:kms:eu-west-2:261455938840:key/e1fa6c03-1ec5-4e06-bbee-addb593c9bbe",
            "bypass_policy_lockout_safety_check": false,
            "custom_key_store_id": "",
            "customer_master_key_spec": "SYMMETRIC_DEFAULT",
            "deletion_window_in_days": null,
            "description": "ce-cluster cluster encryption key",
            "enable_key_rotation": true,
            "id": "e1fa6c03-1ec5-4e06-bbee-addb593c9bbe",
            "is_enabled": true,
            "key_id": "e1fa6c03-1ec5-4e06-bbee-addb593c9bbe",
            "key_usage": "ENCRYPT_DECRYPT",
            "multi_region": false,
            "policy": "{\"Statement\":[{\"Action\":[\"kms:Update*\",\"kms:UntagResource\",\"kms:TagResource\",\"kms:ScheduleKeyDeletion\",\"kms:Revoke*\",\"kms:Put*\",\"kms:List*\",\"kms:Get*\",\"kms:Enable*\",\"kms:Disable*\",\"kms:Describe*\",\"kms:Delete*\",\"kms:Create*\",\"kms:CancelKeyDeletion\"],\"Effect\":\"Allow\",\"Principal\":{\"AWS\":\"arn:aws:iam::261455938840:role/aws-reserved/sso.amazonaws.com/eu-west-2/AWSReservedSSO_AWSAdministratorAccess_942537642d412ee7\"},\"Resource\":\"*\",\"Sid\":\"KeyAdministration\"},{\"Action\":[\"kms:ReEncrypt*\",\"kms:GenerateDataKey*\",\"kms:Encrypt\",\"kms:DescribeKey\",\"kms:Decrypt\"],\"Effect\":\"Allow\",\"Principal\":{\"AWS\":\"arn:aws:iam::261455938840:role/ce-cluster-cluster-20231215104801372000000002\"},\"Resource\":\"*\",\"Sid\":\"KeyUsage\"}],\"Version\":\"2012-10-17\"}",
            "tags": null,
            "tags_all": {}
          },
          "sensitive_attributes": [],
          "private": "bnVsbA==",
          "dependencies": [
            "module.eks_cluster.module.eks.aws_iam_role.this",
            "module.eks_cluster.module.eks.data.aws_caller_identity.current",
            "module.eks_cluster.module.eks.data.aws_iam_policy_document.assume_role_policy",
            "module.eks_cluster.module.eks.data.aws_iam_session_context.current",
            "module.eks_cluster.module.eks.data.aws_partition.current",
            "module.eks_cluster.module.eks.module.kms.data.aws_caller_identity.current",
            "module.eks_cluster.module.eks.module.kms.data.aws_iam_policy_document.this",
            "module.eks_cluster.module.eks.module.kms.data.aws_partition.current"
          ],
          "create_before_destroy": true
        }
      ]
    },
    {
      "module": "module.networking",
      "mode": "data",
      "type": "aws_availability_zones",
      "name": "available",
      "provider": "provider[\"registry.terraform.io/hashicorp/aws\"]",
      "instances": [
        {
          "schema_version": 0,
          "attributes": {
            "all_availability_zones": null,
            "exclude_names": null,
            "exclude_zone_ids": null,
            "filter": null,
            "group_names": [
              "eu-west-2"
            ],
            "id": "eu-west-2",
            "names": [
              "eu-west-2a",
              "eu-west-2b",
              "eu-west-2c"
            ],
            "state": null,
            "timeouts": null,
            "zone_ids": [
              "euw2-az2",
              "euw2-az3",
              "euw2-az1"
            ]
          },
          "sensitive_attributes": []
        }
      ]
    },
    {
      "module": "module.networking.module.vpc",
      "mode": "managed",
      "type": "aws_default_network_acl",
      "name": "this",
      "provider": "provider[\"registry.terraform.io/hashicorp/aws\"]",
      "instances": [
        {
          "index_key": 0,
          "schema_version": 0,
          "attributes": {
            "arn": "arn:aws:ec2:eu-west-2:261455938840:network-acl/acl-0d361d6b0287108a4",
            "default_network_acl_id": "acl-0d361d6b0287108a4",
            "egress": [
              {
                "action": "allow",
                "cidr_block": "",
                "from_port": 0,
                "icmp_code": null,
                "icmp_type": null,
                "ipv6_cidr_block": "::/0",
                "protocol": "-1",
                "rule_no": 101,
                "to_port": 0
              },
              {
                "action": "allow",
                "cidr_block": "0.0.0.0/0",
                "from_port": 0,
                "icmp_code": null,
                "icmp_type": null,
                "ipv6_cidr_block": "",
                "protocol": "-1",
                "rule_no": 100,
                "to_port": 0
              }
            ],
            "id": "acl-0d361d6b0287108a4",
            "ingress": [
              {
                "action": "allow",
                "cidr_block": "",
                "from_port": 0,
                "icmp_code": null,
                "icmp_type": null,
                "ipv6_cidr_block": "::/0",
                "protocol": "-1",
                "rule_no": 101,
                "to_port": 0
              },
              {
                "action": "allow",
                "cidr_block": "0.0.0.0/0",
                "from_port": 0,
                "icmp_code": null,
                "icmp_type": null,
                "ipv6_cidr_block": "",
                "protocol": "-1",
                "rule_no": 100,
                "to_port": 0
              }
            ],
            "owner_id": "261455938840",
            "subnet_ids": [
              "subnet-00d84c6b70a13b3bf",
              "subnet-0469cbdb38fb7142c",
              "subnet-05bf5143dfb21b96d",
              "subnet-07f1adee6cdb1221e",
              "subnet-0cb9a849a001813c8",
              "subnet-0df626460cde0965e"
            ],
            "tags": {
              "Name": "ce-eks-vpc-default"
            },
            "tags_all": {
              "Name": "ce-eks-vpc-default"
            },
            "vpc_id": "vpc-0faf50260c8db62b3"
          },
          "sensitive_attributes": [],
          "private": "bnVsbA==",
          "dependencies": [
            "module.networking.module.vpc.aws_vpc.this"
          ]
        }
      ]
    },
    {
      "module": "module.networking.module.vpc",
      "mode": "managed",
      "type": "aws_default_route_table",
      "name": "default",
      "provider": "provider[\"registry.terraform.io/hashicorp/aws\"]",
      "instances": [
        {
          "index_key": 0,
          "schema_version": 0,
          "attributes": {
            "arn": "arn:aws:ec2:eu-west-2:261455938840:route-table/rtb-0925420776d21a221",
            "default_route_table_id": "rtb-0925420776d21a221",
            "id": "rtb-0925420776d21a221",
            "owner_id": "261455938840",
            "propagating_vgws": null,
            "route": [],
            "tags": {
              "Name": "ce-eks-vpc-default"
            },
            "tags_all": {
              "Name": "ce-eks-vpc-default"
            },
            "timeouts": {
              "create": "5m",
              "update": "5m"
            },
            "vpc_id": "vpc-0faf50260c8db62b3"
          },
          "sensitive_attributes": [],
          "private": "eyJlMmJmYjczMC1lY2FhLTExZTYtOGY4OC0zNDM2M2JjN2M0YzAiOnsiY3JlYXRlIjozMDAwMDAwMDAwMDAsInVwZGF0ZSI6MzAwMDAwMDAwMDAwfX0=",
          "dependencies": [
            "module.networking.module.vpc.aws_vpc.this"
          ]
        }
      ]
    },
    {
      "module": "module.networking.module.vpc",
      "mode": "managed",
      "type": "aws_default_security_group",
      "name": "this",
      "provider": "provider[\"registry.terraform.io/hashicorp/aws\"]",
      "instances": [
        {
          "index_key": 0,
          "schema_version": 1,
          "attributes": {
            "arn": "arn:aws:ec2:eu-west-2:261455938840:security-group/sg-01a7cd552e34e2576",
            "description": "default VPC security group",
            "egress": [],
            "id": "sg-01a7cd552e34e2576",
            "ingress": [],
            "name": "default",
            "name_prefix": "",
            "owner_id": "261455938840",
            "revoke_rules_on_delete": false,
            "tags": {
              "Name": "ce-eks-vpc-default"
            },
            "tags_all": {
              "Name": "ce-eks-vpc-default"
            },
            "vpc_id": "vpc-0faf50260c8db62b3"
          },
          "sensitive_attributes": [],
          "private": "eyJzY2hlbWFfdmVyc2lvbiI6IjEifQ==",
          "dependencies": [
            "module.networking.module.vpc.aws_vpc.this"
          ]
        }
      ]
    },
    {
      "module": "module.networking.module.vpc",
      "mode": "managed",
      "type": "aws_eip",
      "name": "nat",
      "provider": "provider[\"registry.terraform.io/hashicorp/aws\"]",
      "instances": [
        {
          "index_key": 0,
          "schema_version": 0,
          "attributes": {
            "address": null,
            "allocation_id": "eipalloc-0c97daac39c0b08f9",
            "associate_with_private_ip": null,
            "association_id": "",
            "carrier_ip": "",
            "customer_owned_ip": "",
            "customer_owned_ipv4_pool": "",
            "domain": "vpc",
            "id": "eipalloc-0c97daac39c0b08f9",
            "instance": "",
            "network_border_group": "eu-west-2",
            "network_interface": "",
            "private_dns": null,
            "private_ip": "",
            "public_dns": "ec2-3-11-213-66.eu-west-2.compute.amazonaws.com",
            "public_ip": "3.11.213.66",
            "public_ipv4_pool": "amazon",
            "tags": {
              "Name": "ce-eks-vpc-eu-west-2a"
            },
            "tags_all": {
              "Name": "ce-eks-vpc-eu-west-2a"
            },
            "timeouts": null,
            "vpc": true
          },
          "sensitive_attributes": [],
          "private": "eyJlMmJmYjczMC1lY2FhLTExZTYtOGY4OC0zNDM2M2JjN2M0YzAiOnsiZGVsZXRlIjoxODAwMDAwMDAwMDAsInJlYWQiOjkwMDAwMDAwMDAwMCwidXBkYXRlIjozMDAwMDAwMDAwMDB9fQ==",
          "dependencies": [
            "module.networking.data.aws_availability_zones.available",
            "module.networking.module.vpc.aws_internet_gateway.this",
            "module.networking.module.vpc.aws_vpc.this",
            "module.networking.module.vpc.aws_vpc_ipv4_cidr_block_association.this"
          ]
        }
      ]
    },
    {
      "module": "module.networking.module.vpc",
      "mode": "managed",
      "type": "aws_internet_gateway",
      "name": "this",
      "provider": "provider[\"registry.terraform.io/hashicorp/aws\"]",
      "instances": [
        {
          "index_key": 0,
          "schema_version": 0,
          "attributes": {
            "arn": "arn:aws:ec2:eu-west-2:261455938840:internet-gateway/igw-01661e5c591e71890",
            "id": "igw-01661e5c591e71890",
            "owner_id": "261455938840",
            "tags": {
              "Name": "ce-eks-vpc"
            },
            "tags_all": {
              "Name": "ce-eks-vpc"
            },
            "timeouts": null,
            "vpc_id": "vpc-0faf50260c8db62b3"
          },
          "sensitive_attributes": [],
          "private": "eyJlMmJmYjczMC1lY2FhLTExZTYtOGY4OC0zNDM2M2JjN2M0YzAiOnsiY3JlYXRlIjoxMjAwMDAwMDAwMDAwLCJkZWxldGUiOjEyMDAwMDAwMDAwMDAsInVwZGF0ZSI6MTIwMDAwMDAwMDAwMH19",
          "dependencies": [
            "module.networking.module.vpc.aws_vpc.this",
            "module.networking.module.vpc.aws_vpc_ipv4_cidr_block_association.this"
          ]
        }
      ]
    },
    {
      "module": "module.networking.module.vpc",
      "mode": "managed",
      "type": "aws_nat_gateway",
      "name": "this",
      "provider": "provider[\"registry.terraform.io/hashicorp/aws\"]",
      "instances": [
        {
          "index_key": 0,
          "schema_version": 0,
          "attributes": {
            "allocation_id": "eipalloc-0c97daac39c0b08f9",
            "association_id": "eipassoc-06cffb0f7812264ad",
            "connectivity_type": "public",
            "id": "nat-059d508cec0458aeb",
            "network_interface_id": "eni-0d2eb6cbe74bd980c",
            "private_ip": "10.0.4.134",
            "public_ip": "3.11.213.66",
            "subnet_id": "subnet-0cb9a849a001813c8",
            "tags": {
              "Name": "ce-eks-vpc-eu-west-2a"
            },
            "tags_all": {
              "Name": "ce-eks-vpc-eu-west-2a"
            }
          },
          "sensitive_attributes": [],
          "private": "bnVsbA==",
          "dependencies": [
            "module.networking.data.aws_availability_zones.available",
            "module.networking.module.vpc.aws_eip.nat",
            "module.networking.module.vpc.aws_internet_gateway.this",
            "module.networking.module.vpc.aws_subnet.public",
            "module.networking.module.vpc.aws_vpc.this",
            "module.networking.module.vpc.aws_vpc_ipv4_cidr_block_association.this"
          ]
        }
      ]
    },
    {
      "module": "module.networking.module.vpc",
      "mode": "managed",
      "type": "aws_route",
      "name": "private_nat_gateway",
      "provider": "provider[\"registry.terraform.io/hashicorp/aws\"]",
      "instances": [
        {
          "index_key": 0,
          "schema_version": 0,
          "attributes": {
            "carrier_gateway_id": "",
            "core_network_arn": "",
            "destination_cidr_block": "0.0.0.0/0",
            "destination_ipv6_cidr_block": "",
            "destination_prefix_list_id": "",
            "egress_only_gateway_id": "",
            "gateway_id": "",
            "id": "r-rtb-0c9a1e7c73b4484301080289494",
            "instance_id": "",
            "instance_owner_id": "",
            "local_gateway_id": "",
            "nat_gateway_id": "nat-059d508cec0458aeb",
            "network_interface_id": "",
            "origin": "CreateRoute",
            "route_table_id": "rtb-0c9a1e7c73b448430",
            "state": "active",
            "timeouts": {
              "create": "5m",
              "delete": null,
              "update": null
            },
            "transit_gateway_id": "",
            "vpc_endpoint_id": "",
            "vpc_peering_connection_id": ""
          },
          "sensitive_attributes": [],
          "private": "eyJlMmJmYjczMC1lY2FhLTExZTYtOGY4OC0zNDM2M2JjN2M0YzAiOnsiY3JlYXRlIjozMDAwMDAwMDAwMDAsImRlbGV0ZSI6MzAwMDAwMDAwMDAwLCJ1cGRhdGUiOjEyMDAwMDAwMDAwMH19",
          "dependencies": [
            "module.networking.data.aws_availability_zones.available",
            "module.networking.module.vpc.aws_eip.nat",
            "module.networking.module.vpc.aws_internet_gateway.this",
            "module.networking.module.vpc.aws_nat_gateway.this",
            "module.networking.module.vpc.aws_route_table.private",
            "module.networking.module.vpc.aws_subnet.public",
            "module.networking.module.vpc.aws_vpc.this",
            "module.networking.module.vpc.aws_vpc_ipv4_cidr_block_association.this"
          ]
        }
      ]
    },
    {
      "module": "module.networking.module.vpc",
      "mode": "managed",
      "type": "aws_route",
      "name": "public_internet_gateway",
      "provider": "provider[\"registry.terraform.io/hashicorp/aws\"]",
      "instances": [
        {
          "index_key": 0,
          "schema_version": 0,
          "attributes": {
            "carrier_gateway_id": "",
            "core_network_arn": "",
            "destination_cidr_block": "0.0.0.0/0",
            "destination_ipv6_cidr_block": "",
            "destination_prefix_list_id": "",
            "egress_only_gateway_id": "",
            "gateway_id": "igw-01661e5c591e71890",
            "id": "r-rtb-035766d00a05fef821080289494",
            "instance_id": "",
            "instance_owner_id": "",
            "local_gateway_id": "",
            "nat_gateway_id": "",
            "network_interface_id": "",
            "origin": "CreateRoute",
            "route_table_id": "rtb-035766d00a05fef82",
            "state": "active",
            "timeouts": {
              "create": "5m",
              "delete": null,
              "update": null
            },
            "transit_gateway_id": "",
            "vpc_endpoint_id": "",
            "vpc_peering_connection_id": ""
          },
          "sensitive_attributes": [],
          "private": "eyJlMmJmYjczMC1lY2FhLTExZTYtOGY4OC0zNDM2M2JjN2M0YzAiOnsiY3JlYXRlIjozMDAwMDAwMDAwMDAsImRlbGV0ZSI6MzAwMDAwMDAwMDAwLCJ1cGRhdGUiOjEyMDAwMDAwMDAwMH19",
          "dependencies": [
            "module.networking.module.vpc.aws_internet_gateway.this",
            "module.networking.module.vpc.aws_route_table.public",
            "module.networking.module.vpc.aws_vpc.this",
            "module.networking.module.vpc.aws_vpc_ipv4_cidr_block_association.this"
          ]
        }
      ]
    },
    {
      "module": "module.networking.module.vpc",
      "mode": "managed",
      "type": "aws_route_table",
      "name": "private",
      "provider": "provider[\"registry.terraform.io/hashicorp/aws\"]",
      "instances": [
        {
          "index_key": 0,
          "schema_version": 0,
          "attributes": {
            "arn": "arn:aws:ec2:eu-west-2:261455938840:route-table/rtb-0c9a1e7c73b448430",
            "id": "rtb-0c9a1e7c73b448430",
            "owner_id": "261455938840",
            "propagating_vgws": [],
            "route": [],
            "tags": {
              "Name": "ce-eks-vpc-private"
            },
            "tags_all": {
              "Name": "ce-eks-vpc-private"
            },
            "timeouts": null,
            "vpc_id": "vpc-0faf50260c8db62b3"
          },
          "sensitive_attributes": [],
          "private": "eyJlMmJmYjczMC1lY2FhLTExZTYtOGY4OC0zNDM2M2JjN2M0YzAiOnsiY3JlYXRlIjozMDAwMDAwMDAwMDAsImRlbGV0ZSI6MzAwMDAwMDAwMDAwLCJ1cGRhdGUiOjEyMDAwMDAwMDAwMH19",
          "dependencies": [
            "module.networking.data.aws_availability_zones.available",
            "module.networking.module.vpc.aws_vpc.this",
            "module.networking.module.vpc.aws_vpc_ipv4_cidr_block_association.this"
          ]
        }
      ]
    },
    {
      "module": "module.networking.module.vpc",
      "mode": "managed",
      "type": "aws_route_table",
      "name": "public",
      "provider": "provider[\"registry.terraform.io/hashicorp/aws\"]",
      "instances": [
        {
          "index_key": 0,
          "schema_version": 0,
          "attributes": {
            "arn": "arn:aws:ec2:eu-west-2:261455938840:route-table/rtb-035766d00a05fef82",
            "id": "rtb-035766d00a05fef82",
            "owner_id": "261455938840",
            "propagating_vgws": [],
            "route": [],
            "tags": {
              "Name": "ce-eks-vpc-public"
            },
            "tags_all": {
              "Name": "ce-eks-vpc-public"
            },
            "timeouts": null,
            "vpc_id": "vpc-0faf50260c8db62b3"
          },
          "sensitive_attributes": [],
          "private": "eyJlMmJmYjczMC1lY2FhLTExZTYtOGY4OC0zNDM2M2JjN2M0YzAiOnsiY3JlYXRlIjozMDAwMDAwMDAwMDAsImRlbGV0ZSI6MzAwMDAwMDAwMDAwLCJ1cGRhdGUiOjEyMDAwMDAwMDAwMH19",
          "dependencies": [
            "module.networking.module.vpc.aws_vpc.this",
            "module.networking.module.vpc.aws_vpc_ipv4_cidr_block_association.this"
          ]
        }
      ]
    },
    {
      "module": "module.networking.module.vpc",
      "mode": "managed",
      "type": "aws_route_table_association",
      "name": "private",
      "provider": "provider[\"registry.terraform.io/hashicorp/aws\"]",
      "instances": [
        {
          "index_key": 0,
          "schema_version": 0,
          "attributes": {
            "gateway_id": "",
            "id": "rtbassoc-0326620befe8d7444",
            "route_table_id": "rtb-0c9a1e7c73b448430",
            "subnet_id": "subnet-0469cbdb38fb7142c",
            "timeouts": null
          },
          "sensitive_attributes": [],
          "private": "eyJlMmJmYjczMC1lY2FhLTExZTYtOGY4OC0zNDM2M2JjN2M0YzAiOnsiY3JlYXRlIjozMDAwMDAwMDAwMDAsImRlbGV0ZSI6MzAwMDAwMDAwMDAwLCJ1cGRhdGUiOjEyMDAwMDAwMDAwMH19",
          "dependencies": [
            "module.networking.data.aws_availability_zones.available",
            "module.networking.module.vpc.aws_route_table.private",
            "module.networking.module.vpc.aws_subnet.private",
            "module.networking.module.vpc.aws_vpc.this",
            "module.networking.module.vpc.aws_vpc_ipv4_cidr_block_association.this"
          ]
        },
        {
          "index_key": 1,
          "schema_version": 0,
          "attributes": {
            "gateway_id": "",
            "id": "rtbassoc-04ea1ee427ea2b893",
            "route_table_id": "rtb-0c9a1e7c73b448430",
            "subnet_id": "subnet-0df626460cde0965e",
            "timeouts": null
          },
          "sensitive_attributes": [],
          "private": "eyJlMmJmYjczMC1lY2FhLTExZTYtOGY4OC0zNDM2M2JjN2M0YzAiOnsiY3JlYXRlIjozMDAwMDAwMDAwMDAsImRlbGV0ZSI6MzAwMDAwMDAwMDAwLCJ1cGRhdGUiOjEyMDAwMDAwMDAwMH19",
          "dependencies": [
            "module.networking.data.aws_availability_zones.available",
            "module.networking.module.vpc.aws_route_table.private",
            "module.networking.module.vpc.aws_subnet.private",
            "module.networking.module.vpc.aws_vpc.this",
            "module.networking.module.vpc.aws_vpc_ipv4_cidr_block_association.this"
          ]
        },
        {
          "index_key": 2,
          "schema_version": 0,
          "attributes": {
            "gateway_id": "",
            "id": "rtbassoc-06ace2b94a0986ba1",
            "route_table_id": "rtb-0c9a1e7c73b448430",
            "subnet_id": "subnet-00d84c6b70a13b3bf",
            "timeouts": null
          },
          "sensitive_attributes": [],
          "private": "eyJlMmJmYjczMC1lY2FhLTExZTYtOGY4OC0zNDM2M2JjN2M0YzAiOnsiY3JlYXRlIjozMDAwMDAwMDAwMDAsImRlbGV0ZSI6MzAwMDAwMDAwMDAwLCJ1cGRhdGUiOjEyMDAwMDAwMDAwMH19",
          "dependencies": [
            "module.networking.data.aws_availability_zones.available",
            "module.networking.module.vpc.aws_route_table.private",
            "module.networking.module.vpc.aws_subnet.private",
            "module.networking.module.vpc.aws_vpc.this",
            "module.networking.module.vpc.aws_vpc_ipv4_cidr_block_association.this"
          ]
        }
      ]
    },
    {
      "module": "module.networking.module.vpc",
      "mode": "managed",
      "type": "aws_route_table_association",
      "name": "public",
      "provider": "provider[\"registry.terraform.io/hashicorp/aws\"]",
      "instances": [
        {
          "index_key": 0,
          "schema_version": 0,
          "attributes": {
            "gateway_id": "",
            "id": "rtbassoc-060c5adacbd61e26f",
            "route_table_id": "rtb-035766d00a05fef82",
            "subnet_id": "subnet-0cb9a849a001813c8",
            "timeouts": null
          },
          "sensitive_attributes": [],
          "private": "eyJlMmJmYjczMC1lY2FhLTExZTYtOGY4OC0zNDM2M2JjN2M0YzAiOnsiY3JlYXRlIjozMDAwMDAwMDAwMDAsImRlbGV0ZSI6MzAwMDAwMDAwMDAwLCJ1cGRhdGUiOjEyMDAwMDAwMDAwMH19",
          "dependencies": [
            "module.networking.data.aws_availability_zones.available",
            "module.networking.module.vpc.aws_route_table.public",
            "module.networking.module.vpc.aws_subnet.public",
            "module.networking.module.vpc.aws_vpc.this",
            "module.networking.module.vpc.aws_vpc_ipv4_cidr_block_association.this"
          ]
        },
        {
          "index_key": 1,
          "schema_version": 0,
          "attributes": {
            "gateway_id": "",
            "id": "rtbassoc-04d99684ba7965b50",
            "route_table_id": "rtb-035766d00a05fef82",
            "subnet_id": "subnet-07f1adee6cdb1221e",
            "timeouts": null
          },
          "sensitive_attributes": [],
          "private": "eyJlMmJmYjczMC1lY2FhLTExZTYtOGY4OC0zNDM2M2JjN2M0YzAiOnsiY3JlYXRlIjozMDAwMDAwMDAwMDAsImRlbGV0ZSI6MzAwMDAwMDAwMDAwLCJ1cGRhdGUiOjEyMDAwMDAwMDAwMH19",
          "dependencies": [
            "module.networking.data.aws_availability_zones.available",
            "module.networking.module.vpc.aws_route_table.public",
            "module.networking.module.vpc.aws_subnet.public",
            "module.networking.module.vpc.aws_vpc.this",
            "module.networking.module.vpc.aws_vpc_ipv4_cidr_block_association.this"
          ]
        },
        {
          "index_key": 2,
          "schema_version": 0,
          "attributes": {
            "gateway_id": "",
            "id": "rtbassoc-083d2bc379950ae9c",
            "route_table_id": "rtb-035766d00a05fef82",
            "subnet_id": "subnet-05bf5143dfb21b96d",
            "timeouts": null
          },
          "sensitive_attributes": [],
          "private": "eyJlMmJmYjczMC1lY2FhLTExZTYtOGY4OC0zNDM2M2JjN2M0YzAiOnsiY3JlYXRlIjozMDAwMDAwMDAwMDAsImRlbGV0ZSI6MzAwMDAwMDAwMDAwLCJ1cGRhdGUiOjEyMDAwMDAwMDAwMH19",
          "dependencies": [
            "module.networking.data.aws_availability_zones.available",
            "module.networking.module.vpc.aws_route_table.public",
            "module.networking.module.vpc.aws_subnet.public",
            "module.networking.module.vpc.aws_vpc.this",
            "module.networking.module.vpc.aws_vpc_ipv4_cidr_block_association.this"
          ]
        }
      ]
    },
    {
      "module": "module.networking.module.vpc",
      "mode": "managed",
      "type": "aws_subnet",
      "name": "private",
      "provider": "provider[\"registry.terraform.io/hashicorp/aws\"]",
      "instances": [
        {
          "index_key": 0,
          "schema_version": 1,
          "attributes": {
            "arn": "arn:aws:ec2:eu-west-2:261455938840:subnet/subnet-0469cbdb38fb7142c",
            "assign_ipv6_address_on_creation": false,
            "availability_zone": "eu-west-2a",
            "availability_zone_id": "euw2-az2",
            "cidr_block": "10.0.1.0/24",
            "customer_owned_ipv4_pool": "",
            "enable_dns64": false,
            "enable_lni_at_device_index": 0,
            "enable_resource_name_dns_a_record_on_launch": false,
            "enable_resource_name_dns_aaaa_record_on_launch": false,
            "id": "subnet-0469cbdb38fb7142c",
            "ipv6_cidr_block": "",
            "ipv6_cidr_block_association_id": "",
            "ipv6_native": false,
            "map_customer_owned_ip_on_launch": false,
            "map_public_ip_on_launch": false,
            "outpost_arn": "",
            "owner_id": "261455938840",
            "private_dns_hostname_type_on_launch": "ip-name",
            "tags": {
              "Name": "ce-eks-vpc-private-eu-west-2a",
              "kubernetes.io/cluster/ce-cluster": "shared",
              "kubernetes.io/role/internal-elb": "1"
            },
            "tags_all": {
              "Name": "ce-eks-vpc-private-eu-west-2a",
              "kubernetes.io/cluster/ce-cluster": "shared",
              "kubernetes.io/role/internal-elb": "1"
            },
            "timeouts": null,
            "vpc_id": "vpc-0faf50260c8db62b3"
          },
          "sensitive_attributes": [],
          "private": "eyJlMmJmYjczMC1lY2FhLTExZTYtOGY4OC0zNDM2M2JjN2M0YzAiOnsiY3JlYXRlIjo2MDAwMDAwMDAwMDAsImRlbGV0ZSI6MTIwMDAwMDAwMDAwMH0sInNjaGVtYV92ZXJzaW9uIjoiMSJ9",
          "dependencies": [
            "module.networking.data.aws_availability_zones.available",
            "module.networking.module.vpc.aws_vpc.this",
            "module.networking.module.vpc.aws_vpc_ipv4_cidr_block_association.this"
          ],
          "create_before_destroy": true
        },
        {
          "index_key": 1,
          "schema_version": 1,
          "attributes": {
            "arn": "arn:aws:ec2:eu-west-2:261455938840:subnet/subnet-0df626460cde0965e",
            "assign_ipv6_address_on_creation": false,
            "availability_zone": "eu-west-2b",
            "availability_zone_id": "euw2-az3",
            "cidr_block": "10.0.2.0/24",
            "customer_owned_ipv4_pool": "",
            "enable_dns64": false,
            "enable_lni_at_device_index": 0,
            "enable_resource_name_dns_a_record_on_launch": false,
            "enable_resource_name_dns_aaaa_record_on_launch": false,
            "id": "subnet-0df626460cde0965e",
            "ipv6_cidr_block": "",
            "ipv6_cidr_block_association_id": "",
            "ipv6_native": false,
            "map_customer_owned_ip_on_launch": false,
            "map_public_ip_on_launch": false,
            "outpost_arn": "",
            "owner_id": "261455938840",
            "private_dns_hostname_type_on_launch": "ip-name",
            "tags": {
              "Name": "ce-eks-vpc-private-eu-west-2b",
              "kubernetes.io/cluster/ce-cluster": "shared",
              "kubernetes.io/role/internal-elb": "1"
            },
            "tags_all": {
              "Name": "ce-eks-vpc-private-eu-west-2b",
              "kubernetes.io/cluster/ce-cluster": "shared",
              "kubernetes.io/role/internal-elb": "1"
            },
            "timeouts": null,
            "vpc_id": "vpc-0faf50260c8db62b3"
          },
          "sensitive_attributes": [],
          "private": "eyJlMmJmYjczMC1lY2FhLTExZTYtOGY4OC0zNDM2M2JjN2M0YzAiOnsiY3JlYXRlIjo2MDAwMDAwMDAwMDAsImRlbGV0ZSI6MTIwMDAwMDAwMDAwMH0sInNjaGVtYV92ZXJzaW9uIjoiMSJ9",
          "dependencies": [
            "module.networking.data.aws_availability_zones.available",
            "module.networking.module.vpc.aws_vpc.this",
            "module.networking.module.vpc.aws_vpc_ipv4_cidr_block_association.this"
          ],
          "create_before_destroy": true
        },
        {
          "index_key": 2,
          "schema_version": 1,
          "attributes": {
            "arn": "arn:aws:ec2:eu-west-2:261455938840:subnet/subnet-00d84c6b70a13b3bf",
            "assign_ipv6_address_on_creation": false,
            "availability_zone": "eu-west-2c",
            "availability_zone_id": "euw2-az1",
            "cidr_block": "10.0.3.0/24",
            "customer_owned_ipv4_pool": "",
            "enable_dns64": false,
            "enable_lni_at_device_index": 0,
            "enable_resource_name_dns_a_record_on_launch": false,
            "enable_resource_name_dns_aaaa_record_on_launch": false,
            "id": "subnet-00d84c6b70a13b3bf",
            "ipv6_cidr_block": "",
            "ipv6_cidr_block_association_id": "",
            "ipv6_native": false,
            "map_customer_owned_ip_on_launch": false,
            "map_public_ip_on_launch": false,
            "outpost_arn": "",
            "owner_id": "261455938840",
            "private_dns_hostname_type_on_launch": "ip-name",
            "tags": {
              "Name": "ce-eks-vpc-private-eu-west-2c",
              "kubernetes.io/cluster/ce-cluster": "shared",
              "kubernetes.io/role/internal-elb": "1"
            },
            "tags_all": {
              "Name": "ce-eks-vpc-private-eu-west-2c",
              "kubernetes.io/cluster/ce-cluster": "shared",
              "kubernetes.io/role/internal-elb": "1"
            },
            "timeouts": null,
            "vpc_id": "vpc-0faf50260c8db62b3"
          },
          "sensitive_attributes": [],
          "private": "eyJlMmJmYjczMC1lY2FhLTExZTYtOGY4OC0zNDM2M2JjN2M0YzAiOnsiY3JlYXRlIjo2MDAwMDAwMDAwMDAsImRlbGV0ZSI6MTIwMDAwMDAwMDAwMH0sInNjaGVtYV92ZXJzaW9uIjoiMSJ9",
          "dependencies": [
            "module.networking.data.aws_availability_zones.available",
            "module.networking.module.vpc.aws_vpc.this",
            "module.networking.module.vpc.aws_vpc_ipv4_cidr_block_association.this"
          ],
          "create_before_destroy": true
        }
      ]
    },
    {
      "module": "module.networking.module.vpc",
      "mode": "managed",
      "type": "aws_subnet",
      "name": "public",
      "provider": "provider[\"registry.terraform.io/hashicorp/aws\"]",
      "instances": [
        {
          "index_key": 0,
          "schema_version": 1,
          "attributes": {
            "arn": "arn:aws:ec2:eu-west-2:261455938840:subnet/subnet-0cb9a849a001813c8",
            "assign_ipv6_address_on_creation": false,
            "availability_zone": "eu-west-2a",
            "availability_zone_id": "euw2-az2",
            "cidr_block": "10.0.4.0/24",
            "customer_owned_ipv4_pool": "",
            "enable_dns64": false,
            "enable_lni_at_device_index": 0,
            "enable_resource_name_dns_a_record_on_launch": false,
            "enable_resource_name_dns_aaaa_record_on_launch": false,
            "id": "subnet-0cb9a849a001813c8",
            "ipv6_cidr_block": "",
            "ipv6_cidr_block_association_id": "",
            "ipv6_native": false,
            "map_customer_owned_ip_on_launch": false,
            "map_public_ip_on_launch": false,
            "outpost_arn": "",
            "owner_id": "261455938840",
            "private_dns_hostname_type_on_launch": "ip-name",
            "tags": {
              "Name": "ce-eks-vpc-public-eu-west-2a",
              "kubernetes.io/cluster/ce-cluster": "shared",
              "kubernetes.io/role/elb": "1"
            },
            "tags_all": {
              "Name": "ce-eks-vpc-public-eu-west-2a",
              "kubernetes.io/cluster/ce-cluster": "shared",
              "kubernetes.io/role/elb": "1"
            },
            "timeouts": null,
            "vpc_id": "vpc-0faf50260c8db62b3"
          },
          "sensitive_attributes": [],
          "private": "eyJlMmJmYjczMC1lY2FhLTExZTYtOGY4OC0zNDM2M2JjN2M0YzAiOnsiY3JlYXRlIjo2MDAwMDAwMDAwMDAsImRlbGV0ZSI6MTIwMDAwMDAwMDAwMH0sInNjaGVtYV92ZXJzaW9uIjoiMSJ9",
          "dependencies": [
            "module.networking.data.aws_availability_zones.available",
            "module.networking.module.vpc.aws_vpc.this",
            "module.networking.module.vpc.aws_vpc_ipv4_cidr_block_association.this"
          ]
        },
        {
          "index_key": 1,
          "schema_version": 1,
          "attributes": {
            "arn": "arn:aws:ec2:eu-west-2:261455938840:subnet/subnet-07f1adee6cdb1221e",
            "assign_ipv6_address_on_creation": false,
            "availability_zone": "eu-west-2b",
            "availability_zone_id": "euw2-az3",
            "cidr_block": "10.0.5.0/24",
            "customer_owned_ipv4_pool": "",
            "enable_dns64": false,
            "enable_lni_at_device_index": 0,
            "enable_resource_name_dns_a_record_on_launch": false,
            "enable_resource_name_dns_aaaa_record_on_launch": false,
            "id": "subnet-07f1adee6cdb1221e",
            "ipv6_cidr_block": "",
            "ipv6_cidr_block_association_id": "",
            "ipv6_native": false,
            "map_customer_owned_ip_on_launch": false,
            "map_public_ip_on_launch": false,
            "outpost_arn": "",
            "owner_id": "261455938840",
            "private_dns_hostname_type_on_launch": "ip-name",
            "tags": {
              "Name": "ce-eks-vpc-public-eu-west-2b",
              "kubernetes.io/cluster/ce-cluster": "shared",
              "kubernetes.io/role/elb": "1"
            },
            "tags_all": {
              "Name": "ce-eks-vpc-public-eu-west-2b",
              "kubernetes.io/cluster/ce-cluster": "shared",
              "kubernetes.io/role/elb": "1"
            },
            "timeouts": null,
            "vpc_id": "vpc-0faf50260c8db62b3"
          },
          "sensitive_attributes": [],
          "private": "eyJlMmJmYjczMC1lY2FhLTExZTYtOGY4OC0zNDM2M2JjN2M0YzAiOnsiY3JlYXRlIjo2MDAwMDAwMDAwMDAsImRlbGV0ZSI6MTIwMDAwMDAwMDAwMH0sInNjaGVtYV92ZXJzaW9uIjoiMSJ9",
          "dependencies": [
            "module.networking.data.aws_availability_zones.available",
            "module.networking.module.vpc.aws_vpc.this",
            "module.networking.module.vpc.aws_vpc_ipv4_cidr_block_association.this"
          ]
        },
        {
          "index_key": 2,
          "schema_version": 1,
          "attributes": {
            "arn": "arn:aws:ec2:eu-west-2:261455938840:subnet/subnet-05bf5143dfb21b96d",
            "assign_ipv6_address_on_creation": false,
            "availability_zone": "eu-west-2c",
            "availability_zone_id": "euw2-az1",
            "cidr_block": "10.0.6.0/24",
            "customer_owned_ipv4_pool": "",
            "enable_dns64": false,
            "enable_lni_at_device_index": 0,
            "enable_resource_name_dns_a_record_on_launch": false,
            "enable_resource_name_dns_aaaa_record_on_launch": false,
            "id": "subnet-05bf5143dfb21b96d",
            "ipv6_cidr_block": "",
            "ipv6_cidr_block_association_id": "",
            "ipv6_native": false,
            "map_customer_owned_ip_on_launch": false,
            "map_public_ip_on_launch": false,
            "outpost_arn": "",
            "owner_id": "261455938840",
            "private_dns_hostname_type_on_launch": "ip-name",
            "tags": {
              "Name": "ce-eks-vpc-public-eu-west-2c",
              "kubernetes.io/cluster/ce-cluster": "shared",
              "kubernetes.io/role/elb": "1"
            },
            "tags_all": {
              "Name": "ce-eks-vpc-public-eu-west-2c",
              "kubernetes.io/cluster/ce-cluster": "shared",
              "kubernetes.io/role/elb": "1"
            },
            "timeouts": null,
            "vpc_id": "vpc-0faf50260c8db62b3"
          },
          "sensitive_attributes": [],
          "private": "eyJlMmJmYjczMC1lY2FhLTExZTYtOGY4OC0zNDM2M2JjN2M0YzAiOnsiY3JlYXRlIjo2MDAwMDAwMDAwMDAsImRlbGV0ZSI6MTIwMDAwMDAwMDAwMH0sInNjaGVtYV92ZXJzaW9uIjoiMSJ9",
          "dependencies": [
            "module.networking.data.aws_availability_zones.available",
            "module.networking.module.vpc.aws_vpc.this",
            "module.networking.module.vpc.aws_vpc_ipv4_cidr_block_association.this"
          ]
        }
      ]
    },
    {
      "module": "module.networking.module.vpc",
      "mode": "managed",
      "type": "aws_vpc",
      "name": "this",
      "provider": "provider[\"registry.terraform.io/hashicorp/aws\"]",
      "instances": [
        {
          "index_key": 0,
          "schema_version": 1,
          "attributes": {
            "arn": "arn:aws:ec2:eu-west-2:261455938840:vpc/vpc-0faf50260c8db62b3",
            "assign_generated_ipv6_cidr_block": false,
            "cidr_block": "10.0.0.0/16",
            "default_network_acl_id": "acl-0d361d6b0287108a4",
            "default_route_table_id": "rtb-0925420776d21a221",
            "default_security_group_id": "sg-01a7cd552e34e2576",
            "dhcp_options_id": "dopt-0401ed1619688d686",
            "enable_dns_hostnames": true,
            "enable_dns_support": true,
            "enable_network_address_usage_metrics": false,
            "id": "vpc-0faf50260c8db62b3",
            "instance_tenancy": "default",
            "ipv4_ipam_pool_id": null,
            "ipv4_netmask_length": null,
            "ipv6_association_id": "",
            "ipv6_cidr_block": "",
            "ipv6_cidr_block_network_border_group": "",
            "ipv6_ipam_pool_id": "",
            "ipv6_netmask_length": 0,
            "main_route_table_id": "rtb-0925420776d21a221",
            "owner_id": "261455938840",
            "tags": {
              "Name": "ce-eks-vpc"
            },
            "tags_all": {
              "Name": "ce-eks-vpc"
            }
          },
          "sensitive_attributes": [],
          "private": "eyJzY2hlbWFfdmVyc2lvbiI6IjEifQ==",
          "create_before_destroy": true
        }
      ]
    }
  ],
  "check_results": null
}
